// !$*UTF8*$!
{
	archiveVersion = 1;
	classes = {
	};
	objectVersion = 55;
	objects = {

/* Begin PBXBuildFile section */
		2720370A28C1DFAA00C392C9 /* URLRequest+Init.swift in Sources */ = {isa = PBXBuildFile; fileRef = 2720370928C1DFAA00C392C9 /* URLRequest+Init.swift */; };
		2720370C28C1E92000C392C9 /* URLRequest+Encoding.swift in Sources */ = {isa = PBXBuildFile; fileRef = 2720370B28C1E92000C392C9 /* URLRequest+Encoding.swift */; };
		2720370E28C1E96D00C392C9 /* AnyEncodable.swift in Sources */ = {isa = PBXBuildFile; fileRef = 2720370D28C1E96D00C392C9 /* AnyEncodable.swift */; };
		2720371228C20EDC00C392C9 /* DownloadOptions.swift in Sources */ = {isa = PBXBuildFile; fileRef = 2720371128C20EDC00C392C9 /* DownloadOptions.swift */; };
		2727910E28CB57AD006E472F /* Responsable.swift in Sources */ = {isa = PBXBuildFile; fileRef = 2727910D28CB57AD006E472F /* Responsable.swift */; };
		2727EE8228CF26C500A387F8 /* Publishable.swift in Sources */ = {isa = PBXBuildFile; fileRef = 2727EE8128CF26C500A387F8 /* Publishable.swift */; };
		272CF54328C7355D008FCEA2 /* UploadRequest.swift in Sources */ = {isa = PBXBuildFile; fileRef = 272CF54228C7355D008FCEA2 /* UploadRequest.swift */; };
		272CF54528C73B29008FCEA2 /* Request.swift in Sources */ = {isa = PBXBuildFile; fileRef = 272CF54428C73B29008FCEA2 /* Request.swift */; };
		272CF54928C74906008FCEA2 /* NetworkSession.swift in Sources */ = {isa = PBXBuildFile; fileRef = 272CF54828C74906008FCEA2 /* NetworkSession.swift */; };
		272CF54B28C76048008FCEA2 /* NetworkReachabilityManager.swift in Sources */ = {isa = PBXBuildFile; fileRef = 272CF54A28C76048008FCEA2 /* NetworkReachabilityManager.swift */; };
		272CF54D28C77AFA008FCEA2 /* DataRequest.swift in Sources */ = {isa = PBXBuildFile; fileRef = 272CF54C28C77AFA008FCEA2 /* DataRequest.swift */; };
		272CF54F28C77C3D008FCEA2 /* DownloadRequest.swift in Sources */ = {isa = PBXBuildFile; fileRef = 272CF54E28C77C3D008FCEA2 /* DownloadRequest.swift */; };
		2730F9F528ED8A93000CE7B6 /* Publisher+Handle.swift in Sources */ = {isa = PBXBuildFile; fileRef = 2730F9F428ED8A93000CE7B6 /* Publisher+Handle.swift */; };
		2730F9F728EDAC9E000CE7B6 /* BaseVC.swift in Sources */ = {isa = PBXBuildFile; fileRef = 2730F9F628EDAC9E000CE7B6 /* BaseVC.swift */; };
		2733618028BDFB6B009013C6 /* NetworkLayer.docc in Sources */ = {isa = PBXBuildFile; fileRef = 2733617F28BDFB6B009013C6 /* NetworkLayer.docc */; };
		2733618128BDFB6B009013C6 /* NetworkLayer.h in Headers */ = {isa = PBXBuildFile; fileRef = 2733617E28BDFB6B009013C6 /* NetworkLayer.h */; settings = {ATTRIBUTES = (Public, ); }; };
		2733618428BDFB6B009013C6 /* NetworkLayer.framework in Frameworks */ = {isa = PBXBuildFile; fileRef = 2733617C28BDFB6B009013C6 /* NetworkLayer.framework */; };
		2733618528BDFB6B009013C6 /* NetworkLayer.framework in Embed Frameworks */ = {isa = PBXBuildFile; fileRef = 2733617C28BDFB6B009013C6 /* NetworkLayer.framework */; settings = {ATTRIBUTES = (CodeSignOnCopy, RemoveHeadersOnCopy, ); }; };
		2733618A28BE1404009013C6 /* AtomicBool.swift in Sources */ = {isa = PBXBuildFile; fileRef = 2733618928BE1404009013C6 /* AtomicBool.swift */; };
		2733618C28BE1425009013C6 /* Cancellable.swift in Sources */ = {isa = PBXBuildFile; fileRef = 2733618B28BE1425009013C6 /* Cancellable.swift */; };
		2733618E28BE1513009013C6 /* HTTPHeaders.swift in Sources */ = {isa = PBXBuildFile; fileRef = 2733618D28BE1513009013C6 /* HTTPHeaders.swift */; };
		2733619028BE1817009013C6 /* HTTPHeader.swift in Sources */ = {isa = PBXBuildFile; fileRef = 2733618F28BE1817009013C6 /* HTTPHeader.swift */; };
		2733619128BE1895009013C6 /* Network.swift in Sources */ = {isa = PBXBuildFile; fileRef = 27D97A9028BCEC8200354ADB /* Network.swift */; };
		2733619228BE189D009013C6 /* With.swift in Sources */ = {isa = PBXBuildFile; fileRef = 2733614A28BDED5C009013C6 /* With.swift */; };
		2733619328BE18B5009013C6 /* LimitOffset.swift in Sources */ = {isa = PBXBuildFile; fileRef = 27D97A9828BCF4E500354ADB /* LimitOffset.swift */; };
		2733619428BE18B5009013C6 /* APIError.swift in Sources */ = {isa = PBXBuildFile; fileRef = 27D97A9A28BCF83800354ADB /* APIError.swift */; };
		2733619528BE18B5009013C6 /* Duration.swift in Sources */ = {isa = PBXBuildFile; fileRef = 2733615128BDF371009013C6 /* Duration.swift */; };
		2733619628BE18B5009013C6 /* HTTPServerError.swift in Sources */ = {isa = PBXBuildFile; fileRef = 2733614F28BDF2A9009013C6 /* HTTPServerError.swift */; };
		2733619728BE18B5009013C6 /* APIErrorStatus.swift in Sources */ = {isa = PBXBuildFile; fileRef = 27D97A9C28BCF87100354ADB /* APIErrorStatus.swift */; };
		2733619828BE18B5009013C6 /* APIResponse.swift in Sources */ = {isa = PBXBuildFile; fileRef = 2733614D28BDF195009013C6 /* APIResponse.swift */; };
		2733619928BE18B5009013C6 /* AccessToken.swift in Sources */ = {isa = PBXBuildFile; fileRef = 2733614528BDE6E4009013C6 /* AccessToken.swift */; };
		2733619B28BE18BD009013C6 /* DecodingError+Debug.swift in Sources */ = {isa = PBXBuildFile; fileRef = 27D97AA128BCF92900354ADB /* DecodingError+Debug.swift */; };
		2733619C28BE18C2009013C6 /* NetworkError.swift in Sources */ = {isa = PBXBuildFile; fileRef = 27D97A9F28BCF8C000354ADB /* NetworkError.swift */; };
		2733619F28BE1E8F009013C6 /* RequestConvertible.swift in Sources */ = {isa = PBXBuildFile; fileRef = 2733619E28BE1E8F009013C6 /* RequestConvertible.swift */; };
		273361A128BE1EB7009013C6 /* AuthorizationPlugin.swift in Sources */ = {isa = PBXBuildFile; fileRef = 273361A028BE1EB7009013C6 /* AuthorizationPlugin.swift */; };
		273361A528BE210C009013C6 /* RetryResult.swift in Sources */ = {isa = PBXBuildFile; fileRef = 273361A428BE210C009013C6 /* RetryResult.swift */; };
		273361A728BE2492009013C6 /* NetworkPlugin.swift in Sources */ = {isa = PBXBuildFile; fileRef = 273361A628BE2492009013C6 /* NetworkPlugin.swift */; };
		273361A928BE265B009013C6 /* Network+Response.swift in Sources */ = {isa = PBXBuildFile; fileRef = 273361A828BE265B009013C6 /* Network+Response.swift */; };
		273361AF28BE2EC0009013C6 /* APIErrorPlugin.swift in Sources */ = {isa = PBXBuildFile; fileRef = 273361AE28BE2EC0009013C6 /* APIErrorPlugin.swift */; };
		273361B528BE354A009013C6 /* HTTPMethod.swift in Sources */ = {isa = PBXBuildFile; fileRef = 273361B428BE354A009013C6 /* HTTPMethod.swift */; };
		273361B728BE35B8009013C6 /* Network+Task.swift in Sources */ = {isa = PBXBuildFile; fileRef = 273361B628BE35B8009013C6 /* Network+Task.swift */; };
		273361B928BE36B9009013C6 /* ParameterEncoding.swift in Sources */ = {isa = PBXBuildFile; fileRef = 273361B828BE36B9009013C6 /* ParameterEncoding.swift */; };
		273361BB28BE5175009013C6 /* MultipartFormData.swift in Sources */ = {isa = PBXBuildFile; fileRef = 273361BA28BE5175009013C6 /* MultipartFormData.swift */; };
		2733763528BF78AB0078480E /* Bool+Int.swift in Sources */ = {isa = PBXBuildFile; fileRef = 2733763428BF78AB0078480E /* Bool+Int.swift */; };
		2733837928C894BD0010FE08 /* DataResponse.swift in Sources */ = {isa = PBXBuildFile; fileRef = 2733837828C894BD0010FE08 /* DataResponse.swift */; };
		2733837B28C899300010FE08 /* DownloadResponse.swift in Sources */ = {isa = PBXBuildFile; fileRef = 2733837A28C899300010FE08 /* DownloadResponse.swift */; };
		2735F1D228C9DD78004D3A6C /* Command.swift in Sources */ = {isa = PBXBuildFile; fileRef = 2735F1D128C9DD78004D3A6C /* Command.swift */; };
		2735F1D528C9E0B7004D3A6C /* Result+Failure.swift in Sources */ = {isa = PBXBuildFile; fileRef = 2735F1D428C9E0B7004D3A6C /* Result+Failure.swift */; };
		2738F4FE28C603AD008217FA /* MultipartFormData+BodyPart.swift in Sources */ = {isa = PBXBuildFile; fileRef = 2738F4FD28C603AD008217FA /* MultipartFormData+BodyPart.swift */; };
		2738F50028C60403008217FA /* MultipartFormData+BoundartGenerator.swift in Sources */ = {isa = PBXBuildFile; fileRef = 2738F4FF28C60403008217FA /* MultipartFormData+BoundartGenerator.swift */; };
		2738F50528C61914008217FA /* Network+HTTPHeader.swift in Sources */ = {isa = PBXBuildFile; fileRef = 2738F50428C61914008217FA /* Network+HTTPHeader.swift */; };
		2738F50728C61A15008217FA /* Network+Combine.swift in Sources */ = {isa = PBXBuildFile; fileRef = 2738F50628C61A15008217FA /* Network+Combine.swift */; };
		2738F50928C61FCC008217FA /* CachedRequestConvertible.swift in Sources */ = {isa = PBXBuildFile; fileRef = 2738F50828C61FCC008217FA /* CachedRequestConvertible.swift */; };
		273FB35B28F8482C0057B9D3 /* Pods_CombineProject.framework in Frameworks */ = {isa = PBXBuildFile; fileRef = C8929B34D381C9339FBF8227 /* Pods_CombineProject.framework */; };
		27487D3D28F96F3D00421632 /* SimpleEntry.swift in Sources */ = {isa = PBXBuildFile; fileRef = 27487D3B28F96F0300421632 /* SimpleEntry.swift */; };
		274A661928F5AC3C00AF03DB /* WidgetKit.framework in Frameworks */ = {isa = PBXBuildFile; fileRef = 274A661828F5AC3C00AF03DB /* WidgetKit.framework */; };
		274A661B28F5AC3C00AF03DB /* SwiftUI.framework in Frameworks */ = {isa = PBXBuildFile; fileRef = 274A661A28F5AC3C00AF03DB /* SwiftUI.framework */; };
		274A661E28F5AC3C00AF03DB /* MyWidget.swift in Sources */ = {isa = PBXBuildFile; fileRef = 274A661D28F5AC3C00AF03DB /* MyWidget.swift */; };
		274A662128F5AC3D00AF03DB /* Assets.xcassets in Resources */ = {isa = PBXBuildFile; fileRef = 274A662028F5AC3D00AF03DB /* Assets.xcassets */; };
		274A662328F5AC3D00AF03DB /* MyWidget.intentdefinition in Sources */ = {isa = PBXBuildFile; fileRef = 274A661F28F5AC3C00AF03DB /* MyWidget.intentdefinition */; };
		274A662428F5AC3D00AF03DB /* MyWidget.intentdefinition in Sources */ = {isa = PBXBuildFile; fileRef = 274A661F28F5AC3C00AF03DB /* MyWidget.intentdefinition */; };
		274A662728F5AC3D00AF03DB /* MyWidgetExtension.appex in Embed App Extensions */ = {isa = PBXBuildFile; fileRef = 274A661728F5AC3C00AF03DB /* MyWidgetExtension.appex */; settings = {ATTRIBUTES = (RemoveHeadersOnCopy, ); }; };
		274DD85C28BCA0BD005E7692 /* AppDelegate.swift in Sources */ = {isa = PBXBuildFile; fileRef = 274DD85B28BCA0BD005E7692 /* AppDelegate.swift */; };
		274DD86028BCA0BD005E7692 /* MainVC.swift in Sources */ = {isa = PBXBuildFile; fileRef = 274DD85F28BCA0BD005E7692 /* MainVC.swift */; };
		274DD86328BCA0BD005E7692 /* Main.storyboard in Resources */ = {isa = PBXBuildFile; fileRef = 274DD86128BCA0BD005E7692 /* Main.storyboard */; };
		274DD86528BCA0BE005E7692 /* Assets.xcassets in Resources */ = {isa = PBXBuildFile; fileRef = 274DD86428BCA0BE005E7692 /* Assets.xcassets */; };
		274DD86828BCA0BE005E7692 /* LaunchScreen.storyboard in Resources */ = {isa = PBXBuildFile; fileRef = 274DD86628BCA0BE005E7692 /* LaunchScreen.storyboard */; };
		274DD87C28BCC95E005E7692 /* Environment.generated.swift in Sources */ = {isa = PBXBuildFile; fileRef = 274DD87B28BCC95E005E7692 /* Environment.generated.swift */; };
		275543C228D1E39200949477 /* URLSession+DownloadTaskPublisher.swift in Sources */ = {isa = PBXBuildFile; fileRef = 275543C128D1E39200949477 /* URLSession+DownloadTaskPublisher.swift */; };
		275FF36D28F8066C00A5B751 /* Configuration.plist in Resources */ = {isa = PBXBuildFile; fileRef = 274DD87828BCC18F005E7692 /* Configuration.plist */; };
		275FF37228F809DA00A5B751 /* Configuration.plist in Resources */ = {isa = PBXBuildFile; fileRef = 275FF36F28F8085F00A5B751 /* Configuration.plist */; };
		276E809F28EC34DB00D4B23C /* API.swift in Sources */ = {isa = PBXBuildFile; fileRef = 276E809E28EC34DB00D4B23C /* API.swift */; };
		276E80A128EC34EF00D4B23C /* API+Users.swift in Sources */ = {isa = PBXBuildFile; fileRef = 276E80A028EC34EF00D4B23C /* API+Users.swift */; };
		276E80BC28EC662700D4B23C /* Publisher+NetworkResponse.swift in Sources */ = {isa = PBXBuildFile; fileRef = 276E80BB28EC662700D4B23C /* Publisher+NetworkResponse.swift */; };
		27808B8F28FFE95D0020D6E1 /* MainVC+Datasource.swift in Sources */ = {isa = PBXBuildFile; fileRef = 27808B8E28FFE95D0020D6E1 /* MainVC+Datasource.swift */; };
		27808B9328FFEA700020D6E1 /* MainTVC.swift in Sources */ = {isa = PBXBuildFile; fileRef = 27808B9128FFEA700020D6E1 /* MainTVC.swift */; };
		27808B9428FFEA700020D6E1 /* MainTVC.xib in Resources */ = {isa = PBXBuildFile; fileRef = 27808B9228FFEA700020D6E1 /* MainTVC.xib */; };
		27808B9728FFEE3F0020D6E1 /* With.swift in Sources */ = {isa = PBXBuildFile; fileRef = 27808B9628FFEE3F0020D6E1 /* With.swift */; };
		27808B9928FFEEA10020D6E1 /* OptionalProtocol.swift in Sources */ = {isa = PBXBuildFile; fileRef = 27808B9828FFEEA10020D6E1 /* OptionalProtocol.swift */; };
		27808B9C28FFEFE30020D6E1 /* UITableView+Helpers.swift in Sources */ = {isa = PBXBuildFile; fileRef = 27808B9B28FFEFE30020D6E1 /* UITableView+Helpers.swift */; };
		278916CE28EC6BFE0029F056 /* MainVM.swift in Sources */ = {isa = PBXBuildFile; fileRef = 278916CD28EC6BFE0029F056 /* MainVM.swift */; };
		278916D528EC6DA10029F056 /* Makeble.swift in Sources */ = {isa = PBXBuildFile; fileRef = 278916D428EC6DA10029F056 /* Makeble.swift */; };
		278916D728EC71A70029F056 /* ViewModelContainer.swift in Sources */ = {isa = PBXBuildFile; fileRef = 278916D628EC71A70029F056 /* ViewModelContainer.swift */; };
		278916D928EC71D90029F056 /* BaseVM.swift in Sources */ = {isa = PBXBuildFile; fileRef = 278916D828EC71D90029F056 /* BaseVM.swift */; };
		27D97A8E28BCDA1B00354ADB /* Platform.swift in Sources */ = {isa = PBXBuildFile; fileRef = 27D97A8D28BCDA1B00354ADB /* Platform.swift */; };
		27E672A228F6E27A0014E996 /* Services.docc in Sources */ = {isa = PBXBuildFile; fileRef = 27E672A128F6E27A0014E996 /* Services.docc */; };
		27E672A328F6E27A0014E996 /* Services.h in Headers */ = {isa = PBXBuildFile; fileRef = 27E672A028F6E27A0014E996 /* Services.h */; settings = {ATTRIBUTES = (Public, ); }; };
		27E672A628F6E27A0014E996 /* Services.framework in Frameworks */ = {isa = PBXBuildFile; fileRef = 27E6729E28F6E27A0014E996 /* Services.framework */; };
		27E672A728F6E27A0014E996 /* Services.framework in Embed Frameworks */ = {isa = PBXBuildFile; fileRef = 27E6729E28F6E27A0014E996 /* Services.framework */; settings = {ATTRIBUTES = (CodeSignOnCopy, RemoveHeadersOnCopy, ); }; };
		27E672B128F6E6850014E996 /* User+Response.swift in Sources */ = {isa = PBXBuildFile; fileRef = 276E80BE28EC66C400D4B23C /* User+Response.swift */; };
		27E672B228F6E6850014E996 /* UserParams.swift in Sources */ = {isa = PBXBuildFile; fileRef = 27402ABB28EF0BDB00DEE4DB /* UserParams.swift */; };
		27E672B328F6E6850014E996 /* UserUseCase.swift in Sources */ = {isa = PBXBuildFile; fileRef = 276E80B128EC5C6D00D4B23C /* UserUseCase.swift */; };
		27E672B428F6E6850014E996 /* User.swift in Sources */ = {isa = PBXBuildFile; fileRef = 276E80B628EC62BD00D4B23C /* User.swift */; };
		27E672B528F6E6850014E996 /* UseCaseProvider.swift in Sources */ = {isa = PBXBuildFile; fileRef = 27D97A8B28BCD42000354ADB /* UseCaseProvider.swift */; };
		27E672B628F6E6850014E996 /* KeychainStoredError.swift in Sources */ = {isa = PBXBuildFile; fileRef = 276E80AC28EC5ABA00D4B23C /* KeychainStoredError.swift */; };
		27E672B728F6E6850014E996 /* AppError.swift in Sources */ = {isa = PBXBuildFile; fileRef = 276E80AA28EC5AA200D4B23C /* AppError.swift */; };
		27E672B828F6E6850014E996 /* ServiceContext.swift in Sources */ = {isa = PBXBuildFile; fileRef = 276E80AE28EC5B3A00D4B23C /* ServiceContext.swift */; };
		27E672B928F6E6850014E996 /* ServiceContextProvider.swift in Sources */ = {isa = PBXBuildFile; fileRef = 276E80B328EC5E4500D4B23C /* ServiceContextProvider.swift */; };
		27E672BA28F6E6850014E996 /* Publisher+MapToVoid.swift in Sources */ = {isa = PBXBuildFile; fileRef = 27402ABF28EF1E1A00DEE4DB /* Publisher+MapToVoid.swift */; };
		27E672BB28F6E6850014E996 /* Publisher+MapToAppError.swift in Sources */ = {isa = PBXBuildFile; fileRef = 276E80B928EC64E600D4B23C /* Publisher+MapToAppError.swift */; };
		27E672BC28F6E6850014E996 /* UploadFileParams.swift in Sources */ = {isa = PBXBuildFile; fileRef = 27402ABD28EF1BB200DEE4DB /* UploadFileParams.swift */; };
		27E672BD28F6E6850014E996 /* UseCasesConsumer.swift in Sources */ = {isa = PBXBuildFile; fileRef = 278916CF28EC6C690029F056 /* UseCasesConsumer.swift */; };
		27E672BE28F6E6850014E996 /* UserService.swift in Sources */ = {isa = PBXBuildFile; fileRef = 276E80A428EC58DD00D4B23C /* UserService.swift */; };
		27E672BF28F6E6850014E996 /* AsyncTask.swift in Sources */ = {isa = PBXBuildFile; fileRef = 276E80A728EC5A6600D4B23C /* AsyncTask.swift */; };
		27E672C028F6E7710014E996 /* NSObject+AssociatedObject.swift in Sources */ = {isa = PBXBuildFile; fileRef = 278916D228EC6CBA0029F056 /* NSObject+AssociatedObject.swift */; };
		27E672C428F6EFB30014E996 /* TransportService.swift in Sources */ = {isa = PBXBuildFile; fileRef = 27E672C328F6EFB30014E996 /* TransportService.swift */; };
		27E672C628F6EFCC0014E996 /* TransportUseCase.swift in Sources */ = {isa = PBXBuildFile; fileRef = 27E672C528F6EFCC0014E996 /* TransportUseCase.swift */; };
		27E672C828F6F9D80014E996 /* MyWidgetVM.swift in Sources */ = {isa = PBXBuildFile; fileRef = 27E672C728F6F9D80014E996 /* MyWidgetVM.swift */; };
		27E672CE28F6FCBF0014E996 /* Environment.generated.swift in Sources */ = {isa = PBXBuildFile; fileRef = 27E672CD28F6FCBF0014E996 /* Environment.generated.swift */; };
		27E672D028F701DB0014E996 /* Platform.swift in Sources */ = {isa = PBXBuildFile; fileRef = 27D97A8D28BCDA1B00354ADB /* Platform.swift */; };
/* End PBXBuildFile section */

/* Begin PBXContainerItemProxy section */
		2733618228BDFB6B009013C6 /* PBXContainerItemProxy */ = {
			isa = PBXContainerItemProxy;
			containerPortal = 274DD85028BCA0BD005E7692 /* Project object */;
			proxyType = 1;
			remoteGlobalIDString = 2733617B28BDFB6B009013C6;
			remoteInfo = NetworkLayer;
		};
		274A662528F5AC3D00AF03DB /* PBXContainerItemProxy */ = {
			isa = PBXContainerItemProxy;
			containerPortal = 274DD85028BCA0BD005E7692 /* Project object */;
			proxyType = 1;
			remoteGlobalIDString = 274A661628F5AC3C00AF03DB;
			remoteInfo = MyWidgetExtension;
		};
		27E672A428F6E27A0014E996 /* PBXContainerItemProxy */ = {
			isa = PBXContainerItemProxy;
			containerPortal = 274DD85028BCA0BD005E7692 /* Project object */;
			proxyType = 1;
			remoteGlobalIDString = 27E6729D28F6E27A0014E996;
			remoteInfo = Services;
		};
/* End PBXContainerItemProxy section */

/* Begin PBXCopyFilesBuildPhase section */
		2733616528BDFA29009013C6 /* Embed App Extensions */ = {
			isa = PBXCopyFilesBuildPhase;
			buildActionMask = 2147483647;
			dstPath = "";
			dstSubfolderSpec = 13;
			files = (
				274A662728F5AC3D00AF03DB /* MyWidgetExtension.appex in Embed App Extensions */,
			);
			name = "Embed App Extensions";
			runOnlyForDeploymentPostprocessing = 0;
		};
		2733617628BDFB12009013C6 /* Embed Frameworks */ = {
			isa = PBXCopyFilesBuildPhase;
			buildActionMask = 2147483647;
			dstPath = "";
			dstSubfolderSpec = 10;
			files = (
				27E672A728F6E27A0014E996 /* Services.framework in Embed Frameworks */,
				2733618528BDFB6B009013C6 /* NetworkLayer.framework in Embed Frameworks */,
			);
			name = "Embed Frameworks";
			runOnlyForDeploymentPostprocessing = 0;
		};
/* End PBXCopyFilesBuildPhase section */

/* Begin PBXFileReference section */
		0DBEA1E22F606F2319988B74 /* Pods-CombineProject.debug.xcconfig */ = {isa = PBXFileReference; includeInIndex = 1; lastKnownFileType = text.xcconfig; name = "Pods-CombineProject.debug.xcconfig"; path = "Target Support Files/Pods-CombineProject/Pods-CombineProject.debug.xcconfig"; sourceTree = "<group>"; };
		2720370928C1DFAA00C392C9 /* URLRequest+Init.swift */ = {isa = PBXFileReference; lastKnownFileType = sourcecode.swift; path = "URLRequest+Init.swift"; sourceTree = "<group>"; };
		2720370B28C1E92000C392C9 /* URLRequest+Encoding.swift */ = {isa = PBXFileReference; lastKnownFileType = sourcecode.swift; path = "URLRequest+Encoding.swift"; sourceTree = "<group>"; };
		2720370D28C1E96D00C392C9 /* AnyEncodable.swift */ = {isa = PBXFileReference; lastKnownFileType = sourcecode.swift; path = AnyEncodable.swift; sourceTree = "<group>"; };
		2720371128C20EDC00C392C9 /* DownloadOptions.swift */ = {isa = PBXFileReference; lastKnownFileType = sourcecode.swift; path = DownloadOptions.swift; sourceTree = "<group>"; };
		2727910D28CB57AD006E472F /* Responsable.swift */ = {isa = PBXFileReference; lastKnownFileType = sourcecode.swift; path = Responsable.swift; sourceTree = "<group>"; };
		2727EE8128CF26C500A387F8 /* Publishable.swift */ = {isa = PBXFileReference; lastKnownFileType = sourcecode.swift; path = Publishable.swift; sourceTree = "<group>"; };
		272917F028F6B0F200FB7641 /* CombineProject.entitlements */ = {isa = PBXFileReference; lastKnownFileType = text.plist.entitlements; path = CombineProject.entitlements; sourceTree = "<group>"; };
		272917F128F6B17F00FB7641 /* MyWidgetExtension.entitlements */ = {isa = PBXFileReference; lastKnownFileType = text.plist.entitlements; path = MyWidgetExtension.entitlements; sourceTree = "<group>"; };
		272CF54228C7355D008FCEA2 /* UploadRequest.swift */ = {isa = PBXFileReference; lastKnownFileType = sourcecode.swift; path = UploadRequest.swift; sourceTree = "<group>"; };
		272CF54428C73B29008FCEA2 /* Request.swift */ = {isa = PBXFileReference; lastKnownFileType = sourcecode.swift; path = Request.swift; sourceTree = "<group>"; };
		272CF54828C74906008FCEA2 /* NetworkSession.swift */ = {isa = PBXFileReference; lastKnownFileType = sourcecode.swift; path = NetworkSession.swift; sourceTree = "<group>"; };
		272CF54A28C76048008FCEA2 /* NetworkReachabilityManager.swift */ = {isa = PBXFileReference; lastKnownFileType = sourcecode.swift; path = NetworkReachabilityManager.swift; sourceTree = "<group>"; };
		272CF54C28C77AFA008FCEA2 /* DataRequest.swift */ = {isa = PBXFileReference; lastKnownFileType = sourcecode.swift; path = DataRequest.swift; sourceTree = "<group>"; };
		272CF54E28C77C3D008FCEA2 /* DownloadRequest.swift */ = {isa = PBXFileReference; lastKnownFileType = sourcecode.swift; path = DownloadRequest.swift; sourceTree = "<group>"; };
		2730F9F428ED8A93000CE7B6 /* Publisher+Handle.swift */ = {isa = PBXFileReference; lastKnownFileType = sourcecode.swift; path = "Publisher+Handle.swift"; sourceTree = "<group>"; };
		2730F9F628EDAC9E000CE7B6 /* BaseVC.swift */ = {isa = PBXFileReference; lastKnownFileType = sourcecode.swift; path = BaseVC.swift; sourceTree = "<group>"; };
		2733614528BDE6E4009013C6 /* AccessToken.swift */ = {isa = PBXFileReference; lastKnownFileType = sourcecode.swift; path = AccessToken.swift; sourceTree = "<group>"; };
		2733614A28BDED5C009013C6 /* With.swift */ = {isa = PBXFileReference; lastKnownFileType = sourcecode.swift; path = With.swift; sourceTree = "<group>"; };
		2733614D28BDF195009013C6 /* APIResponse.swift */ = {isa = PBXFileReference; lastKnownFileType = sourcecode.swift; path = APIResponse.swift; sourceTree = "<group>"; };
		2733614F28BDF2A9009013C6 /* HTTPServerError.swift */ = {isa = PBXFileReference; lastKnownFileType = sourcecode.swift; path = HTTPServerError.swift; sourceTree = "<group>"; };
		2733615128BDF371009013C6 /* Duration.swift */ = {isa = PBXFileReference; lastKnownFileType = sourcecode.swift; path = Duration.swift; sourceTree = "<group>"; };
		2733615828BDFA29009013C6 /* NetworkExtension.framework */ = {isa = PBXFileReference; lastKnownFileType = wrapper.framework; name = NetworkExtension.framework; path = System/Library/Frameworks/NetworkExtension.framework; sourceTree = SDKROOT; };
		2733617C28BDFB6B009013C6 /* NetworkLayer.framework */ = {isa = PBXFileReference; explicitFileType = wrapper.framework; includeInIndex = 0; path = NetworkLayer.framework; sourceTree = BUILT_PRODUCTS_DIR; };
		2733617E28BDFB6B009013C6 /* NetworkLayer.h */ = {isa = PBXFileReference; lastKnownFileType = sourcecode.c.h; path = NetworkLayer.h; sourceTree = "<group>"; };
		2733617F28BDFB6B009013C6 /* NetworkLayer.docc */ = {isa = PBXFileReference; lastKnownFileType = folder.documentationcatalog; path = NetworkLayer.docc; sourceTree = "<group>"; };
		2733618928BE1404009013C6 /* AtomicBool.swift */ = {isa = PBXFileReference; lastKnownFileType = sourcecode.swift; path = AtomicBool.swift; sourceTree = "<group>"; };
		2733618B28BE1425009013C6 /* Cancellable.swift */ = {isa = PBXFileReference; lastKnownFileType = sourcecode.swift; path = Cancellable.swift; sourceTree = "<group>"; };
		2733618D28BE1513009013C6 /* HTTPHeaders.swift */ = {isa = PBXFileReference; lastKnownFileType = sourcecode.swift; path = HTTPHeaders.swift; sourceTree = "<group>"; };
		2733618F28BE1817009013C6 /* HTTPHeader.swift */ = {isa = PBXFileReference; lastKnownFileType = sourcecode.swift; path = HTTPHeader.swift; sourceTree = "<group>"; };
		2733619E28BE1E8F009013C6 /* RequestConvertible.swift */ = {isa = PBXFileReference; lastKnownFileType = sourcecode.swift; path = RequestConvertible.swift; sourceTree = "<group>"; };
		273361A028BE1EB7009013C6 /* AuthorizationPlugin.swift */ = {isa = PBXFileReference; lastKnownFileType = sourcecode.swift; path = AuthorizationPlugin.swift; sourceTree = "<group>"; };
		273361A428BE210C009013C6 /* RetryResult.swift */ = {isa = PBXFileReference; lastKnownFileType = sourcecode.swift; path = RetryResult.swift; sourceTree = "<group>"; };
		273361A628BE2492009013C6 /* NetworkPlugin.swift */ = {isa = PBXFileReference; lastKnownFileType = sourcecode.swift; path = NetworkPlugin.swift; sourceTree = "<group>"; };
		273361A828BE265B009013C6 /* Network+Response.swift */ = {isa = PBXFileReference; lastKnownFileType = sourcecode.swift; path = "Network+Response.swift"; sourceTree = "<group>"; };
		273361AE28BE2EC0009013C6 /* APIErrorPlugin.swift */ = {isa = PBXFileReference; lastKnownFileType = sourcecode.swift; path = APIErrorPlugin.swift; sourceTree = "<group>"; };
		273361B428BE354A009013C6 /* HTTPMethod.swift */ = {isa = PBXFileReference; lastKnownFileType = sourcecode.swift; path = HTTPMethod.swift; sourceTree = "<group>"; };
		273361B628BE35B8009013C6 /* Network+Task.swift */ = {isa = PBXFileReference; lastKnownFileType = sourcecode.swift; path = "Network+Task.swift"; sourceTree = "<group>"; };
		273361B828BE36B9009013C6 /* ParameterEncoding.swift */ = {isa = PBXFileReference; lastKnownFileType = sourcecode.swift; path = ParameterEncoding.swift; sourceTree = "<group>"; };
		273361BA28BE5175009013C6 /* MultipartFormData.swift */ = {isa = PBXFileReference; lastKnownFileType = sourcecode.swift; path = MultipartFormData.swift; sourceTree = "<group>"; };
		2733763428BF78AB0078480E /* Bool+Int.swift */ = {isa = PBXFileReference; lastKnownFileType = sourcecode.swift; path = "Bool+Int.swift"; sourceTree = "<group>"; };
		2733837828C894BD0010FE08 /* DataResponse.swift */ = {isa = PBXFileReference; lastKnownFileType = sourcecode.swift; path = DataResponse.swift; sourceTree = "<group>"; };
		2733837A28C899300010FE08 /* DownloadResponse.swift */ = {isa = PBXFileReference; lastKnownFileType = sourcecode.swift; path = DownloadResponse.swift; sourceTree = "<group>"; };
		2735F1D128C9DD78004D3A6C /* Command.swift */ = {isa = PBXFileReference; lastKnownFileType = sourcecode.swift; path = Command.swift; sourceTree = "<group>"; };
		2735F1D428C9E0B7004D3A6C /* Result+Failure.swift */ = {isa = PBXFileReference; lastKnownFileType = sourcecode.swift; path = "Result+Failure.swift"; sourceTree = "<group>"; };
		2738F4FD28C603AD008217FA /* MultipartFormData+BodyPart.swift */ = {isa = PBXFileReference; lastKnownFileType = sourcecode.swift; path = "MultipartFormData+BodyPart.swift"; sourceTree = "<group>"; };
		2738F4FF28C60403008217FA /* MultipartFormData+BoundartGenerator.swift */ = {isa = PBXFileReference; lastKnownFileType = sourcecode.swift; path = "MultipartFormData+BoundartGenerator.swift"; sourceTree = "<group>"; };
		2738F50428C61914008217FA /* Network+HTTPHeader.swift */ = {isa = PBXFileReference; lastKnownFileType = sourcecode.swift; path = "Network+HTTPHeader.swift"; sourceTree = "<group>"; };
		2738F50628C61A15008217FA /* Network+Combine.swift */ = {isa = PBXFileReference; lastKnownFileType = sourcecode.swift; path = "Network+Combine.swift"; sourceTree = "<group>"; };
		2738F50828C61FCC008217FA /* CachedRequestConvertible.swift */ = {isa = PBXFileReference; lastKnownFileType = sourcecode.swift; path = CachedRequestConvertible.swift; sourceTree = "<group>"; };
		27402ABB28EF0BDB00DEE4DB /* UserParams.swift */ = {isa = PBXFileReference; lastKnownFileType = sourcecode.swift; path = UserParams.swift; sourceTree = "<group>"; };
		27402ABD28EF1BB200DEE4DB /* UploadFileParams.swift */ = {isa = PBXFileReference; lastKnownFileType = sourcecode.swift; path = UploadFileParams.swift; sourceTree = "<group>"; };
		27402ABF28EF1E1A00DEE4DB /* Publisher+MapToVoid.swift */ = {isa = PBXFileReference; lastKnownFileType = sourcecode.swift; path = "Publisher+MapToVoid.swift"; sourceTree = "<group>"; };
		27487D3B28F96F0300421632 /* SimpleEntry.swift */ = {isa = PBXFileReference; lastKnownFileType = sourcecode.swift; path = SimpleEntry.swift; sourceTree = "<group>"; };
		274A661728F5AC3C00AF03DB /* MyWidgetExtension.appex */ = {isa = PBXFileReference; explicitFileType = "wrapper.app-extension"; includeInIndex = 0; path = MyWidgetExtension.appex; sourceTree = BUILT_PRODUCTS_DIR; };
		274A661828F5AC3C00AF03DB /* WidgetKit.framework */ = {isa = PBXFileReference; lastKnownFileType = wrapper.framework; name = WidgetKit.framework; path = System/Library/Frameworks/WidgetKit.framework; sourceTree = SDKROOT; };
		274A661A28F5AC3C00AF03DB /* SwiftUI.framework */ = {isa = PBXFileReference; lastKnownFileType = wrapper.framework; name = SwiftUI.framework; path = System/Library/Frameworks/SwiftUI.framework; sourceTree = SDKROOT; };
		274A661D28F5AC3C00AF03DB /* MyWidget.swift */ = {isa = PBXFileReference; lastKnownFileType = sourcecode.swift; path = MyWidget.swift; sourceTree = "<group>"; };
		274A661F28F5AC3C00AF03DB /* MyWidget.intentdefinition */ = {isa = PBXFileReference; lastKnownFileType = file.intentdefinition; path = MyWidget.intentdefinition; sourceTree = "<group>"; };
		274A662028F5AC3D00AF03DB /* Assets.xcassets */ = {isa = PBXFileReference; lastKnownFileType = folder.assetcatalog; path = Assets.xcassets; sourceTree = "<group>"; };
		274A662228F5AC3D00AF03DB /* Info.plist */ = {isa = PBXFileReference; lastKnownFileType = text.plist.xml; path = Info.plist; sourceTree = "<group>"; };
		274DD85828BCA0BD005E7692 /* CombineProject.app */ = {isa = PBXFileReference; explicitFileType = wrapper.application; includeInIndex = 0; path = CombineProject.app; sourceTree = BUILT_PRODUCTS_DIR; };
		274DD85B28BCA0BD005E7692 /* AppDelegate.swift */ = {isa = PBXFileReference; lastKnownFileType = sourcecode.swift; path = AppDelegate.swift; sourceTree = "<group>"; };
		274DD85F28BCA0BD005E7692 /* MainVC.swift */ = {isa = PBXFileReference; lastKnownFileType = sourcecode.swift; path = MainVC.swift; sourceTree = "<group>"; };
		274DD86228BCA0BD005E7692 /* Base */ = {isa = PBXFileReference; lastKnownFileType = file.storyboard; name = Base; path = Base.lproj/Main.storyboard; sourceTree = "<group>"; };
		274DD86428BCA0BE005E7692 /* Assets.xcassets */ = {isa = PBXFileReference; lastKnownFileType = folder.assetcatalog; path = Assets.xcassets; sourceTree = "<group>"; };
		274DD86728BCA0BE005E7692 /* Base */ = {isa = PBXFileReference; lastKnownFileType = file.storyboard; name = Base; path = Base.lproj/LaunchScreen.storyboard; sourceTree = "<group>"; };
		274DD86928BCA0BE005E7692 /* Info.plist */ = {isa = PBXFileReference; lastKnownFileType = text.plist.xml; path = Info.plist; sourceTree = "<group>"; };
		274DD87828BCC18F005E7692 /* Configuration.plist */ = {isa = PBXFileReference; lastKnownFileType = text.plist.xml; path = Configuration.plist; sourceTree = "<group>"; };
		274DD87B28BCC95E005E7692 /* Environment.generated.swift */ = {isa = PBXFileReference; fileEncoding = 4; lastKnownFileType = sourcecode.swift; path = Environment.generated.swift; sourceTree = "<group>"; };
		275543C128D1E39200949477 /* URLSession+DownloadTaskPublisher.swift */ = {isa = PBXFileReference; lastKnownFileType = sourcecode.swift; path = "URLSession+DownloadTaskPublisher.swift"; sourceTree = "<group>"; };
		275FF36F28F8085F00A5B751 /* Configuration.plist */ = {isa = PBXFileReference; lastKnownFileType = text.plist.xml; path = Configuration.plist; sourceTree = "<group>"; };
		276E809E28EC34DB00D4B23C /* API.swift */ = {isa = PBXFileReference; lastKnownFileType = sourcecode.swift; path = API.swift; sourceTree = "<group>"; };
		276E80A028EC34EF00D4B23C /* API+Users.swift */ = {isa = PBXFileReference; lastKnownFileType = sourcecode.swift; path = "API+Users.swift"; sourceTree = "<group>"; };
		276E80A428EC58DD00D4B23C /* UserService.swift */ = {isa = PBXFileReference; lastKnownFileType = sourcecode.swift; path = UserService.swift; sourceTree = "<group>"; };
		276E80A728EC5A6600D4B23C /* AsyncTask.swift */ = {isa = PBXFileReference; lastKnownFileType = sourcecode.swift; path = AsyncTask.swift; sourceTree = "<group>"; };
		276E80AA28EC5AA200D4B23C /* AppError.swift */ = {isa = PBXFileReference; lastKnownFileType = sourcecode.swift; path = AppError.swift; sourceTree = "<group>"; };
		276E80AC28EC5ABA00D4B23C /* KeychainStoredError.swift */ = {isa = PBXFileReference; lastKnownFileType = sourcecode.swift; path = KeychainStoredError.swift; sourceTree = "<group>"; };
		276E80AE28EC5B3A00D4B23C /* ServiceContext.swift */ = {isa = PBXFileReference; lastKnownFileType = sourcecode.swift; path = ServiceContext.swift; sourceTree = "<group>"; };
		276E80B128EC5C6D00D4B23C /* UserUseCase.swift */ = {isa = PBXFileReference; lastKnownFileType = sourcecode.swift; path = UserUseCase.swift; sourceTree = "<group>"; };
		276E80B328EC5E4500D4B23C /* ServiceContextProvider.swift */ = {isa = PBXFileReference; lastKnownFileType = sourcecode.swift; path = ServiceContextProvider.swift; sourceTree = "<group>"; };
		276E80B628EC62BD00D4B23C /* User.swift */ = {isa = PBXFileReference; lastKnownFileType = sourcecode.swift; path = User.swift; sourceTree = "<group>"; };
		276E80B928EC64E600D4B23C /* Publisher+MapToAppError.swift */ = {isa = PBXFileReference; lastKnownFileType = sourcecode.swift; path = "Publisher+MapToAppError.swift"; sourceTree = "<group>"; };
		276E80BB28EC662700D4B23C /* Publisher+NetworkResponse.swift */ = {isa = PBXFileReference; lastKnownFileType = sourcecode.swift; path = "Publisher+NetworkResponse.swift"; sourceTree = "<group>"; };
		276E80BE28EC66C400D4B23C /* User+Response.swift */ = {isa = PBXFileReference; lastKnownFileType = sourcecode.swift; path = "User+Response.swift"; sourceTree = "<group>"; };
		27808B8E28FFE95D0020D6E1 /* MainVC+Datasource.swift */ = {isa = PBXFileReference; lastKnownFileType = sourcecode.swift; path = "MainVC+Datasource.swift"; sourceTree = "<group>"; };
		27808B9128FFEA700020D6E1 /* MainTVC.swift */ = {isa = PBXFileReference; lastKnownFileType = sourcecode.swift; path = MainTVC.swift; sourceTree = "<group>"; };
		27808B9228FFEA700020D6E1 /* MainTVC.xib */ = {isa = PBXFileReference; lastKnownFileType = file.xib; path = MainTVC.xib; sourceTree = "<group>"; };
		27808B9628FFEE3F0020D6E1 /* With.swift */ = {isa = PBXFileReference; lastKnownFileType = sourcecode.swift; path = With.swift; sourceTree = "<group>"; };
		27808B9828FFEEA10020D6E1 /* OptionalProtocol.swift */ = {isa = PBXFileReference; lastKnownFileType = sourcecode.swift; path = OptionalProtocol.swift; sourceTree = "<group>"; };
		27808B9B28FFEFE30020D6E1 /* UITableView+Helpers.swift */ = {isa = PBXFileReference; lastKnownFileType = sourcecode.swift; path = "UITableView+Helpers.swift"; sourceTree = "<group>"; };
		278916CD28EC6BFE0029F056 /* MainVM.swift */ = {isa = PBXFileReference; lastKnownFileType = sourcecode.swift; path = MainVM.swift; sourceTree = "<group>"; };
		278916CF28EC6C690029F056 /* UseCasesConsumer.swift */ = {isa = PBXFileReference; lastKnownFileType = sourcecode.swift; path = UseCasesConsumer.swift; sourceTree = "<group>"; };
		278916D228EC6CBA0029F056 /* NSObject+AssociatedObject.swift */ = {isa = PBXFileReference; lastKnownFileType = sourcecode.swift; path = "NSObject+AssociatedObject.swift"; sourceTree = "<group>"; };
		278916D428EC6DA10029F056 /* Makeble.swift */ = {isa = PBXFileReference; lastKnownFileType = sourcecode.swift; path = Makeble.swift; sourceTree = "<group>"; };
		278916D628EC71A70029F056 /* ViewModelContainer.swift */ = {isa = PBXFileReference; lastKnownFileType = sourcecode.swift; path = ViewModelContainer.swift; sourceTree = "<group>"; };
		278916D828EC71D90029F056 /* BaseVM.swift */ = {isa = PBXFileReference; lastKnownFileType = sourcecode.swift; path = BaseVM.swift; sourceTree = "<group>"; };
		27D97A8B28BCD42000354ADB /* UseCaseProvider.swift */ = {isa = PBXFileReference; lastKnownFileType = sourcecode.swift; path = UseCaseProvider.swift; sourceTree = "<group>"; };
		27D97A8D28BCDA1B00354ADB /* Platform.swift */ = {isa = PBXFileReference; lastKnownFileType = sourcecode.swift; path = Platform.swift; sourceTree = "<group>"; };
		27D97A9028BCEC8200354ADB /* Network.swift */ = {isa = PBXFileReference; lastKnownFileType = sourcecode.swift; path = Network.swift; sourceTree = "<group>"; };
		27D97A9828BCF4E500354ADB /* LimitOffset.swift */ = {isa = PBXFileReference; lastKnownFileType = sourcecode.swift; path = LimitOffset.swift; sourceTree = "<group>"; };
		27D97A9A28BCF83800354ADB /* APIError.swift */ = {isa = PBXFileReference; lastKnownFileType = sourcecode.swift; path = APIError.swift; sourceTree = "<group>"; };
		27D97A9C28BCF87100354ADB /* APIErrorStatus.swift */ = {isa = PBXFileReference; lastKnownFileType = sourcecode.swift; path = APIErrorStatus.swift; sourceTree = "<group>"; };
		27D97A9F28BCF8C000354ADB /* NetworkError.swift */ = {isa = PBXFileReference; lastKnownFileType = sourcecode.swift; path = NetworkError.swift; sourceTree = "<group>"; };
		27D97AA128BCF92900354ADB /* DecodingError+Debug.swift */ = {isa = PBXFileReference; lastKnownFileType = sourcecode.swift; path = "DecodingError+Debug.swift"; sourceTree = "<group>"; };
		27E6729E28F6E27A0014E996 /* Services.framework */ = {isa = PBXFileReference; explicitFileType = wrapper.framework; includeInIndex = 0; path = Services.framework; sourceTree = BUILT_PRODUCTS_DIR; };
		27E672A028F6E27A0014E996 /* Services.h */ = {isa = PBXFileReference; lastKnownFileType = sourcecode.c.h; path = Services.h; sourceTree = "<group>"; };
		27E672A128F6E27A0014E996 /* Services.docc */ = {isa = PBXFileReference; lastKnownFileType = folder.documentationcatalog; path = Services.docc; sourceTree = "<group>"; };
		27E672C328F6EFB30014E996 /* TransportService.swift */ = {isa = PBXFileReference; lastKnownFileType = sourcecode.swift; path = TransportService.swift; sourceTree = "<group>"; };
		27E672C528F6EFCC0014E996 /* TransportUseCase.swift */ = {isa = PBXFileReference; lastKnownFileType = sourcecode.swift; path = TransportUseCase.swift; sourceTree = "<group>"; };
		27E672C728F6F9D80014E996 /* MyWidgetVM.swift */ = {isa = PBXFileReference; lastKnownFileType = sourcecode.swift; path = MyWidgetVM.swift; sourceTree = "<group>"; };
		27E672CD28F6FCBF0014E996 /* Environment.generated.swift */ = {isa = PBXFileReference; fileEncoding = 4; lastKnownFileType = sourcecode.swift; path = Environment.generated.swift; sourceTree = "<group>"; };
		C8929B34D381C9339FBF8227 /* Pods_CombineProject.framework */ = {isa = PBXFileReference; explicitFileType = wrapper.framework; includeInIndex = 0; path = Pods_CombineProject.framework; sourceTree = BUILT_PRODUCTS_DIR; };
		F9D4AD34552314FB577E32B8 /* Pods-CombineProject.release.xcconfig */ = {isa = PBXFileReference; includeInIndex = 1; lastKnownFileType = text.xcconfig; name = "Pods-CombineProject.release.xcconfig"; path = "Target Support Files/Pods-CombineProject/Pods-CombineProject.release.xcconfig"; sourceTree = "<group>"; };
/* End PBXFileReference section */

/* Begin PBXFrameworksBuildPhase section */
		2733617928BDFB6B009013C6 /* Frameworks */ = {
			isa = PBXFrameworksBuildPhase;
			buildActionMask = 2147483647;
			files = (
			);
			runOnlyForDeploymentPostprocessing = 0;
		};
		274A661428F5AC3C00AF03DB /* Frameworks */ = {
			isa = PBXFrameworksBuildPhase;
			buildActionMask = 2147483647;
			files = (
				274A661B28F5AC3C00AF03DB /* SwiftUI.framework in Frameworks */,
				274A661928F5AC3C00AF03DB /* WidgetKit.framework in Frameworks */,
			);
			runOnlyForDeploymentPostprocessing = 0;
		};
		274DD85528BCA0BD005E7692 /* Frameworks */ = {
			isa = PBXFrameworksBuildPhase;
			buildActionMask = 2147483647;
			files = (
				27E672A628F6E27A0014E996 /* Services.framework in Frameworks */,
				2733618428BDFB6B009013C6 /* NetworkLayer.framework in Frameworks */,
				273FB35B28F8482C0057B9D3 /* Pods_CombineProject.framework in Frameworks */,
			);
			runOnlyForDeploymentPostprocessing = 0;
		};
		27E6729B28F6E27A0014E996 /* Frameworks */ = {
			isa = PBXFrameworksBuildPhase;
			buildActionMask = 2147483647;
			files = (
			);
			runOnlyForDeploymentPostprocessing = 0;
		};
/* End PBXFrameworksBuildPhase section */

/* Begin PBXGroup section */
		1C495345BD93DEFC4E7B786F /* Frameworks */ = {
			isa = PBXGroup;
			children = (
				C8929B34D381C9339FBF8227 /* Pods_CombineProject.framework */,
				2733615828BDFA29009013C6 /* NetworkExtension.framework */,
				274A661828F5AC3C00AF03DB /* WidgetKit.framework */,
				274A661A28F5AC3C00AF03DB /* SwiftUI.framework */,
			);
			name = Frameworks;
			sourceTree = "<group>";
		};
		272CF54128C73541008FCEA2 /* Request */ = {
			isa = PBXGroup;
			children = (
				272CF54228C7355D008FCEA2 /* UploadRequest.swift */,
				272CF54C28C77AFA008FCEA2 /* DataRequest.swift */,
				272CF54428C73B29008FCEA2 /* Request.swift */,
				272CF54E28C77C3D008FCEA2 /* DownloadRequest.swift */,
			);
			path = Request;
			sourceTree = "<group>";
		};
		2733614928BDED2C009013C6 /* Utils */ = {
			isa = PBXGroup;
			children = (
				2733614A28BDED5C009013C6 /* With.swift */,
				2735F1D128C9DD78004D3A6C /* Command.swift */,
			);
			path = Utils;
			sourceTree = "<group>";
		};
		2733614C28BDEDB3009013C6 /* Network */ = {
			isa = PBXGroup;
			children = (
				27D97A9028BCEC8200354ADB /* Network.swift */,
				2733614928BDED2C009013C6 /* Utils */,
				27D97A9228BCF3DD00354ADB /* Models */,
				27D97A9628BCF45600354ADB /* Extensions */,
				27D97A9528BCF45100354ADB /* Protocols */,
				27D97A9428BCF44B00354ADB /* Internal */,
				27D97A9328BCF43600354ADB /* Plugins */,
			);
			path = Network;
			sourceTree = "<group>";
		};
		2733617D28BDFB6B009013C6 /* NetworkLayer */ = {
			isa = PBXGroup;
			children = (
				276E809D28EC34C100D4B23C /* API */,
				2733614C28BDEDB3009013C6 /* Network */,
				2733617E28BDFB6B009013C6 /* NetworkLayer.h */,
				2733617F28BDFB6B009013C6 /* NetworkLayer.docc */,
			);
			path = NetworkLayer;
			sourceTree = "<group>";
		};
		2733837728C894AF0010FE08 /* Response */ = {
			isa = PBXGroup;
			children = (
				2733837828C894BD0010FE08 /* DataResponse.swift */,
				2733837A28C899300010FE08 /* DownloadResponse.swift */,
			);
			path = Response;
			sourceTree = "<group>";
		};
		2735F1D328C9E0A8004D3A6C /* Result */ = {
			isa = PBXGroup;
			children = (
				2735F1D428C9E0B7004D3A6C /* Result+Failure.swift */,
			);
			path = Result;
			sourceTree = "<group>";
		};
		2738F50128C616A9008217FA /* Network */ = {
			isa = PBXGroup;
			children = (
				273361A828BE265B009013C6 /* Network+Response.swift */,
				273361B628BE35B8009013C6 /* Network+Task.swift */,
				2738F50428C61914008217FA /* Network+HTTPHeader.swift */,
				2738F50628C61A15008217FA /* Network+Combine.swift */,
				276E80BB28EC662700D4B23C /* Publisher+NetworkResponse.swift */,
			);
			path = Network;
			sourceTree = "<group>";
		};
		2738F50228C616B8008217FA /* URLRequest */ = {
			isa = PBXGroup;
			children = (
				2720370928C1DFAA00C392C9 /* URLRequest+Init.swift */,
				2720370B28C1E92000C392C9 /* URLRequest+Encoding.swift */,
			);
			path = URLRequest;
			sourceTree = "<group>";
		};
		2738F50328C616C8008217FA /* MultipartFormData */ = {
			isa = PBXGroup;
			children = (
				2738F4FD28C603AD008217FA /* MultipartFormData+BodyPart.swift */,
				2738F4FF28C60403008217FA /* MultipartFormData+BoundartGenerator.swift */,
			);
			path = MultipartFormData;
			sourceTree = "<group>";
		};
		2738F50A28C62038008217FA /* DecodingError */ = {
			isa = PBXGroup;
			children = (
				27D97AA128BCF92900354ADB /* DecodingError+Debug.swift */,
			);
			path = DecodingError;
			sourceTree = "<group>";
		};
		2738F50B28C62048008217FA /* Bool */ = {
			isa = PBXGroup;
			children = (
				2733763428BF78AB0078480E /* Bool+Int.swift */,
			);
			path = Bool;
			sourceTree = "<group>";
		};
		27402ABA28EF0BCE00DEE4DB /* Params */ = {
			isa = PBXGroup;
			children = (
				27402ABB28EF0BDB00DEE4DB /* UserParams.swift */,
				27402ABD28EF1BB200DEE4DB /* UploadFileParams.swift */,
			);
			path = Params;
			sourceTree = "<group>";
		};
		27487D3A28F96EF500421632 /* Entities */ = {
			isa = PBXGroup;
			children = (
				27487D3B28F96F0300421632 /* SimpleEntry.swift */,
			);
			path = Entities;
			sourceTree = "<group>";
		};
		274A661C28F5AC3C00AF03DB /* MyWidget */ = {
			isa = PBXGroup;
			children = (
				27487D3A28F96EF500421632 /* Entities */,
				275FF37128F809CB00A5B751 /* Components */,
				27E672CF28F6FD1C0014E996 /* Features */,
				27E672CA28F6FB750014E996 /* Resources */,
				274A661F28F5AC3C00AF03DB /* MyWidget.intentdefinition */,
			);
			path = MyWidget;
			sourceTree = "<group>";
		};
		274DD84F28BCA0BD005E7692 = {
			isa = PBXGroup;
			children = (
				272917F128F6B17F00FB7641 /* MyWidgetExtension.entitlements */,
				274DD85A28BCA0BD005E7692 /* CombineProject */,
				2733617D28BDFB6B009013C6 /* NetworkLayer */,
				274A661C28F5AC3C00AF03DB /* MyWidget */,
				27E6729F28F6E27A0014E996 /* Services */,
				274DD85928BCA0BD005E7692 /* Products */,
				43769F1058849CA130D7AE0E /* Pods */,
				1C495345BD93DEFC4E7B786F /* Frameworks */,
			);
			sourceTree = "<group>";
		};
		274DD85928BCA0BD005E7692 /* Products */ = {
			isa = PBXGroup;
			children = (
				274DD85828BCA0BD005E7692 /* CombineProject.app */,
				2733617C28BDFB6B009013C6 /* NetworkLayer.framework */,
				274A661728F5AC3C00AF03DB /* MyWidgetExtension.appex */,
				27E6729E28F6E27A0014E996 /* Services.framework */,
			);
			name = Products;
			sourceTree = "<group>";
		};
		274DD85A28BCA0BD005E7692 /* CombineProject */ = {
			isa = PBXGroup;
			children = (
				272917F028F6B0F200FB7641 /* CombineProject.entitlements */,
				274DD87228BCB752005E7692 /* Resources */,
				274DD87128BCB73F005E7692 /* Features */,
				274DD87028BCB708005E7692 /* Extensions */,
				274DD86F28BCB6FE005E7692 /* Components */,
				274DD85B28BCA0BD005E7692 /* AppDelegate.swift */,
				27D97A8D28BCDA1B00354ADB /* Platform.swift */,
				274DD86628BCA0BE005E7692 /* LaunchScreen.storyboard */,
			);
			path = CombineProject;
			sourceTree = "<group>";
		};
		274DD86F28BCB6FE005E7692 /* Components */ = {
			isa = PBXGroup;
			children = (
				27808B9528FFEE220020D6E1 /* Utils */,
				274DD87428BCBB71005E7692 /* Configurations */,
				276E80A628EC5A5900D4B23C /* Common */,
				274DD87D28BCD384005E7692 /* Protocols */,
			);
			path = Components;
			sourceTree = "<group>";
		};
		274DD87028BCB708005E7692 /* Extensions */ = {
			isa = PBXGroup;
			children = (
				27808B9A28FFEFD60020D6E1 /* UIKit */,
				276E80B828EC64CB00D4B23C /* Combine */,
			);
			path = Extensions;
			sourceTree = "<group>";
		};
		274DD87128BCB73F005E7692 /* Features */ = {
			isa = PBXGroup;
			children = (
				27808B9028FFEA0D0020D6E1 /* Views */,
				274DD85F28BCA0BD005E7692 /* MainVC.swift */,
				274DD86128BCA0BD005E7692 /* Main.storyboard */,
				278916CD28EC6BFE0029F056 /* MainVM.swift */,
				27808B8E28FFE95D0020D6E1 /* MainVC+Datasource.swift */,
			);
			path = Features;
			sourceTree = "<group>";
		};
		274DD87228BCB752005E7692 /* Resources */ = {
			isa = PBXGroup;
			children = (
				274DD87528BCBC75005E7692 /* Generated */,
				274DD86428BCA0BE005E7692 /* Assets.xcassets */,
				274DD86928BCA0BE005E7692 /* Info.plist */,
			);
			path = Resources;
			sourceTree = "<group>";
		};
		274DD87428BCBB71005E7692 /* Configurations */ = {
			isa = PBXGroup;
			children = (
				274DD87828BCC18F005E7692 /* Configuration.plist */,
			);
			path = Configurations;
			sourceTree = "<group>";
		};
		274DD87528BCBC75005E7692 /* Generated */ = {
			isa = PBXGroup;
			children = (
				274DD87B28BCC95E005E7692 /* Environment.generated.swift */,
			);
			path = Generated;
			sourceTree = "<group>";
		};
		274DD87D28BCD384005E7692 /* Protocols */ = {
			isa = PBXGroup;
			children = (
				278916D428EC6DA10029F056 /* Makeble.swift */,
				278916D628EC71A70029F056 /* ViewModelContainer.swift */,
				27808B9828FFEEA10020D6E1 /* OptionalProtocol.swift */,
			);
			path = Protocols;
			sourceTree = "<group>";
		};
		275543C028D1E37600949477 /* URLSession */ = {
			isa = PBXGroup;
			children = (
				275543C128D1E39200949477 /* URLSession+DownloadTaskPublisher.swift */,
			);
			path = URLSession;
			sourceTree = "<group>";
		};
		275FF36E28F8081A00A5B751 /* Configurations */ = {
			isa = PBXGroup;
			children = (
				275FF36F28F8085F00A5B751 /* Configuration.plist */,
			);
			path = Configurations;
			sourceTree = "<group>";
		};
		275FF37128F809CB00A5B751 /* Components */ = {
			isa = PBXGroup;
			children = (
				275FF36E28F8081A00A5B751 /* Configurations */,
			);
			path = Components;
			sourceTree = "<group>";
		};
		276E809D28EC34C100D4B23C /* API */ = {
			isa = PBXGroup;
			children = (
				276E809E28EC34DB00D4B23C /* API.swift */,
				276E80A028EC34EF00D4B23C /* API+Users.swift */,
			);
			path = API;
			sourceTree = "<group>";
		};
		276E80A628EC5A5900D4B23C /* Common */ = {
			isa = PBXGroup;
			children = (
				278916D828EC71D90029F056 /* BaseVM.swift */,
				2730F9F628EDAC9E000CE7B6 /* BaseVC.swift */,
			);
			path = Common;
			sourceTree = "<group>";
		};
		276E80A928EC5A9300D4B23C /* Errors */ = {
			isa = PBXGroup;
			children = (
				276E80AA28EC5AA200D4B23C /* AppError.swift */,
				276E80AC28EC5ABA00D4B23C /* KeychainStoredError.swift */,
			);
			path = Errors;
			sourceTree = "<group>";
		};
		276E80B028EC5C5C00D4B23C /* UserService */ = {
			isa = PBXGroup;
			children = (
				27402ABA28EF0BCE00DEE4DB /* Params */,
				276E80A428EC58DD00D4B23C /* UserService.swift */,
				276E80B128EC5C6D00D4B23C /* UserUseCase.swift */,
			);
			path = UserService;
			sourceTree = "<group>";
		};
		276E80B528EC62B200D4B23C /* Entities */ = {
			isa = PBXGroup;
			children = (
				276E80BD28EC66B900D4B23C /* User */,
			);
			path = Entities;
			sourceTree = "<group>";
		};
		276E80B828EC64CB00D4B23C /* Combine */ = {
			isa = PBXGroup;
			children = (
				2730F9F428ED8A93000CE7B6 /* Publisher+Handle.swift */,
			);
			path = Combine;
			sourceTree = "<group>";
		};
		276E80BD28EC66B900D4B23C /* User */ = {
			isa = PBXGroup;
			children = (
				276E80B628EC62BD00D4B23C /* User.swift */,
				276E80BE28EC66C400D4B23C /* User+Response.swift */,
			);
			path = User;
			sourceTree = "<group>";
		};
		27808B9028FFEA0D0020D6E1 /* Views */ = {
			isa = PBXGroup;
			children = (
				27808B9128FFEA700020D6E1 /* MainTVC.swift */,
				27808B9228FFEA700020D6E1 /* MainTVC.xib */,
			);
			path = Views;
			sourceTree = "<group>";
		};
		27808B9528FFEE220020D6E1 /* Utils */ = {
			isa = PBXGroup;
			children = (
				27808B9628FFEE3F0020D6E1 /* With.swift */,
			);
			path = Utils;
			sourceTree = "<group>";
		};
		27808B9A28FFEFD60020D6E1 /* UIKit */ = {
			isa = PBXGroup;
			children = (
				27808B9B28FFEFE30020D6E1 /* UITableView+Helpers.swift */,
			);
			path = UIKit;
			sourceTree = "<group>";
		};
		278916D128EC6C980029F056 /* Foundation */ = {
			isa = PBXGroup;
			children = (
				278916D228EC6CBA0029F056 /* NSObject+AssociatedObject.swift */,
			);
			path = Foundation;
			sourceTree = "<group>";
		};
		27D97A9228BCF3DD00354ADB /* Models */ = {
			isa = PBXGroup;
			children = (
				2733837728C894AF0010FE08 /* Response */,
				272CF54128C73541008FCEA2 /* Request */,
				27D97A9728BCF48E00354ADB /* Pagination */,
				27D97A9A28BCF83800354ADB /* APIError.swift */,
				27D97A9C28BCF87100354ADB /* APIErrorStatus.swift */,
				2733614528BDE6E4009013C6 /* AccessToken.swift */,
				2733614D28BDF195009013C6 /* APIResponse.swift */,
				2733614F28BDF2A9009013C6 /* HTTPServerError.swift */,
				2733615128BDF371009013C6 /* Duration.swift */,
				2733618D28BE1513009013C6 /* HTTPHeaders.swift */,
				2733618F28BE1817009013C6 /* HTTPHeader.swift */,
				273361BA28BE5175009013C6 /* MultipartFormData.swift */,
				273361A428BE210C009013C6 /* RetryResult.swift */,
				273361B428BE354A009013C6 /* HTTPMethod.swift */,
			);
			path = Models;
			sourceTree = "<group>";
		};
		27D97A9328BCF43600354ADB /* Plugins */ = {
			isa = PBXGroup;
			children = (
				273361A028BE1EB7009013C6 /* AuthorizationPlugin.swift */,
				273361AE28BE2EC0009013C6 /* APIErrorPlugin.swift */,
			);
			path = Plugins;
			sourceTree = "<group>";
		};
		27D97A9428BCF44B00354ADB /* Internal */ = {
			isa = PBXGroup;
			children = (
				27D97A9E28BCF8A700354ADB /* Error */,
				273361B828BE36B9009013C6 /* ParameterEncoding.swift */,
				2733618928BE1404009013C6 /* AtomicBool.swift */,
				2720370D28C1E96D00C392C9 /* AnyEncodable.swift */,
				2720371128C20EDC00C392C9 /* DownloadOptions.swift */,
				2738F50828C61FCC008217FA /* CachedRequestConvertible.swift */,
				272CF54828C74906008FCEA2 /* NetworkSession.swift */,
				272CF54A28C76048008FCEA2 /* NetworkReachabilityManager.swift */,
			);
			path = Internal;
			sourceTree = "<group>";
		};
		27D97A9528BCF45100354ADB /* Protocols */ = {
			isa = PBXGroup;
			children = (
				2727910D28CB57AD006E472F /* Responsable.swift */,
				2733618B28BE1425009013C6 /* Cancellable.swift */,
				2733619E28BE1E8F009013C6 /* RequestConvertible.swift */,
				273361A628BE2492009013C6 /* NetworkPlugin.swift */,
				2727EE8128CF26C500A387F8 /* Publishable.swift */,
			);
			path = Protocols;
			sourceTree = "<group>";
		};
		27D97A9628BCF45600354ADB /* Extensions */ = {
			isa = PBXGroup;
			children = (
				275543C028D1E37600949477 /* URLSession */,
				2735F1D328C9E0A8004D3A6C /* Result */,
				2738F50B28C62048008217FA /* Bool */,
				2738F50A28C62038008217FA /* DecodingError */,
				2738F50328C616C8008217FA /* MultipartFormData */,
				2738F50228C616B8008217FA /* URLRequest */,
				2738F50128C616A9008217FA /* Network */,
			);
			path = Extensions;
			sourceTree = "<group>";
		};
		27D97A9728BCF48E00354ADB /* Pagination */ = {
			isa = PBXGroup;
			children = (
				27D97A9828BCF4E500354ADB /* LimitOffset.swift */,
			);
			path = Pagination;
			sourceTree = "<group>";
		};
		27D97A9E28BCF8A700354ADB /* Error */ = {
			isa = PBXGroup;
			children = (
				27D97A9F28BCF8C000354ADB /* NetworkError.swift */,
			);
			path = Error;
			sourceTree = "<group>";
		};
		27E6729F28F6E27A0014E996 /* Services */ = {
			isa = PBXGroup;
			children = (
				27E672B028F6E4E80014E996 /* Protocols */,
				27E672AF28F6E4760014E996 /* Components */,
				27E672AE28F6E4410014E996 /* Services */,
				27E672AD28F6E4370014E996 /* Common */,
				27E672AB28F6E3E50014E996 /* Extensions */,
				276E80B528EC62B200D4B23C /* Entities */,
				27E672A028F6E27A0014E996 /* Services.h */,
				27E672A128F6E27A0014E996 /* Services.docc */,
			);
			path = Services;
			sourceTree = "<group>";
		};
		27E672AB28F6E3E50014E996 /* Extensions */ = {
			isa = PBXGroup;
			children = (
				27E672AC28F6E3F50014E996 /* Combine */,
			);
			path = Extensions;
			sourceTree = "<group>";
		};
		27E672AC28F6E3F50014E996 /* Combine */ = {
			isa = PBXGroup;
			children = (
				27402ABF28EF1E1A00DEE4DB /* Publisher+MapToVoid.swift */,
				276E80B928EC64E600D4B23C /* Publisher+MapToAppError.swift */,
			);
			path = Combine;
			sourceTree = "<group>";
		};
		27E672AD28F6E4370014E996 /* Common */ = {
			isa = PBXGroup;
			children = (
				276E80A728EC5A6600D4B23C /* AsyncTask.swift */,
				276E80B328EC5E4500D4B23C /* ServiceContextProvider.swift */,
			);
			path = Common;
			sourceTree = "<group>";
		};
		27E672AE28F6E4410014E996 /* Services */ = {
			isa = PBXGroup;
			children = (
				27E672C128F6EF9A0014E996 /* TransportService */,
				276E80B028EC5C5C00D4B23C /* UserService */,
			);
			path = Services;
			sourceTree = "<group>";
		};
		27E672AF28F6E4760014E996 /* Components */ = {
			isa = PBXGroup;
			children = (
				276E80A928EC5A9300D4B23C /* Errors */,
			);
			path = Components;
			sourceTree = "<group>";
		};
		27E672B028F6E4E80014E996 /* Protocols */ = {
			isa = PBXGroup;
			children = (
				278916D128EC6C980029F056 /* Foundation */,
				27D97A8B28BCD42000354ADB /* UseCaseProvider.swift */,
				276E80AE28EC5B3A00D4B23C /* ServiceContext.swift */,
				278916CF28EC6C690029F056 /* UseCasesConsumer.swift */,
			);
			path = Protocols;
			sourceTree = "<group>";
		};
		27E672C128F6EF9A0014E996 /* TransportService */ = {
			isa = PBXGroup;
			children = (
				27E672C328F6EFB30014E996 /* TransportService.swift */,
				27E672C528F6EFCC0014E996 /* TransportUseCase.swift */,
			);
			path = TransportService;
			sourceTree = "<group>";
		};
		27E672CA28F6FB750014E996 /* Resources */ = {
			isa = PBXGroup;
			children = (
				27E672CB28F6FB830014E996 /* Generated */,
				274A662028F5AC3D00AF03DB /* Assets.xcassets */,
				274A662228F5AC3D00AF03DB /* Info.plist */,
			);
			path = Resources;
			sourceTree = "<group>";
		};
		27E672CB28F6FB830014E996 /* Generated */ = {
			isa = PBXGroup;
			children = (
				27E672CD28F6FCBF0014E996 /* Environment.generated.swift */,
			);
			path = Generated;
			sourceTree = "<group>";
		};
		27E672CF28F6FD1C0014E996 /* Features */ = {
			isa = PBXGroup;
			children = (
				274A661D28F5AC3C00AF03DB /* MyWidget.swift */,
				27E672C728F6F9D80014E996 /* MyWidgetVM.swift */,
			);
			path = Features;
			sourceTree = "<group>";
		};
		43769F1058849CA130D7AE0E /* Pods */ = {
			isa = PBXGroup;
			children = (
				0DBEA1E22F606F2319988B74 /* Pods-CombineProject.debug.xcconfig */,
				F9D4AD34552314FB577E32B8 /* Pods-CombineProject.release.xcconfig */,
			);
			path = Pods;
			sourceTree = "<group>";
		};
/* End PBXGroup section */

/* Begin PBXHeadersBuildPhase section */
		2733617728BDFB6B009013C6 /* Headers */ = {
			isa = PBXHeadersBuildPhase;
			buildActionMask = 2147483647;
			files = (
				2733618128BDFB6B009013C6 /* NetworkLayer.h in Headers */,
			);
			runOnlyForDeploymentPostprocessing = 0;
		};
		27E6729928F6E27A0014E996 /* Headers */ = {
			isa = PBXHeadersBuildPhase;
			buildActionMask = 2147483647;
			files = (
				27E672A328F6E27A0014E996 /* Services.h in Headers */,
			);
			runOnlyForDeploymentPostprocessing = 0;
		};
/* End PBXHeadersBuildPhase section */

/* Begin PBXNativeTarget section */
		2733617B28BDFB6B009013C6 /* NetworkLayer */ = {
			isa = PBXNativeTarget;
			buildConfigurationList = 2733618628BDFB6B009013C6 /* Build configuration list for PBXNativeTarget "NetworkLayer" */;
			buildPhases = (
				2733617728BDFB6B009013C6 /* Headers */,
				2733617828BDFB6B009013C6 /* Sources */,
				2733617928BDFB6B009013C6 /* Frameworks */,
				2733617A28BDFB6B009013C6 /* Resources */,
			);
			buildRules = (
			);
			dependencies = (
			);
			name = NetworkLayer;
			productName = NetworkLayer;
			productReference = 2733617C28BDFB6B009013C6 /* NetworkLayer.framework */;
			productType = "com.apple.product-type.framework";
		};
		274A661628F5AC3C00AF03DB /* MyWidgetExtension */ = {
			isa = PBXNativeTarget;
			buildConfigurationList = 274A662A28F5AC3D00AF03DB /* Build configuration list for PBXNativeTarget "MyWidgetExtension" */;
			buildPhases = (
				27E672CC28F6FC810014E996 /* Environment */,
				274A661328F5AC3C00AF03DB /* Sources */,
				274A661428F5AC3C00AF03DB /* Frameworks */,
				274A661528F5AC3C00AF03DB /* Resources */,
			);
			buildRules = (
			);
			dependencies = (
			);
			name = MyWidgetExtension;
			productName = MyWidgetExtension;
			productReference = 274A661728F5AC3C00AF03DB /* MyWidgetExtension.appex */;
			productType = "com.apple.product-type.app-extension";
		};
		274DD85728BCA0BD005E7692 /* CombineProject */ = {
			isa = PBXNativeTarget;
			buildConfigurationList = 274DD86C28BCA0BE005E7692 /* Build configuration list for PBXNativeTarget "CombineProject" */;
			buildPhases = (
				3492576E5AD8F0774AD2378F /* [CP] Check Pods Manifest.lock */,
				274DD87A28BCC2B1005E7692 /* Environment */,
				274DD85428BCA0BD005E7692 /* Sources */,
				274DD85528BCA0BD005E7692 /* Frameworks */,
				274DD85628BCA0BD005E7692 /* Resources */,
				2733616528BDFA29009013C6 /* Embed App Extensions */,
				2733617628BDFB12009013C6 /* Embed Frameworks */,
			);
			buildRules = (
			);
			dependencies = (
				2733618328BDFB6B009013C6 /* PBXTargetDependency */,
				274A662628F5AC3D00AF03DB /* PBXTargetDependency */,
				27E672A528F6E27A0014E996 /* PBXTargetDependency */,
			);
			name = CombineProject;
			productName = CombineProject;
			productReference = 274DD85828BCA0BD005E7692 /* CombineProject.app */;
			productType = "com.apple.product-type.application";
		};
		27E6729D28F6E27A0014E996 /* Services */ = {
			isa = PBXNativeTarget;
			buildConfigurationList = 27E672A828F6E27A0014E996 /* Build configuration list for PBXNativeTarget "Services" */;
			buildPhases = (
				27E6729928F6E27A0014E996 /* Headers */,
				27E6729A28F6E27A0014E996 /* Sources */,
				27E6729B28F6E27A0014E996 /* Frameworks */,
				27E6729C28F6E27A0014E996 /* Resources */,
			);
			buildRules = (
			);
			dependencies = (
			);
			name = Services;
			productName = Services;
			productReference = 27E6729E28F6E27A0014E996 /* Services.framework */;
			productType = "com.apple.product-type.framework";
		};
/* End PBXNativeTarget section */

/* Begin PBXProject section */
		274DD85028BCA0BD005E7692 /* Project object */ = {
			isa = PBXProject;
			attributes = {
				BuildIndependentTargetsInParallel = 1;
				LastSwiftUpdateCheck = 1320;
				LastUpgradeCheck = 1320;
				TargetAttributes = {
					2733617B28BDFB6B009013C6 = {
						CreatedOnToolsVersion = 13.2.1;
					};
					274A661628F5AC3C00AF03DB = {
						CreatedOnToolsVersion = 13.2.1;
					};
					274DD85728BCA0BD005E7692 = {
						CreatedOnToolsVersion = 13.2.1;
					};
					27E6729D28F6E27A0014E996 = {
						CreatedOnToolsVersion = 13.2.1;
					};
				};
			};
			buildConfigurationList = 274DD85328BCA0BD005E7692 /* Build configuration list for PBXProject "CombineProject" */;
			compatibilityVersion = "Xcode 13.0";
			developmentRegion = en;
			hasScannedForEncodings = 0;
			knownRegions = (
				en,
				Base,
			);
			mainGroup = 274DD84F28BCA0BD005E7692;
			productRefGroup = 274DD85928BCA0BD005E7692 /* Products */;
			projectDirPath = "";
			projectRoot = "";
			targets = (
				274DD85728BCA0BD005E7692 /* CombineProject */,
				2733617B28BDFB6B009013C6 /* NetworkLayer */,
				274A661628F5AC3C00AF03DB /* MyWidgetExtension */,
				27E6729D28F6E27A0014E996 /* Services */,
			);
		};
/* End PBXProject section */

/* Begin PBXResourcesBuildPhase section */
		2733617A28BDFB6B009013C6 /* Resources */ = {
			isa = PBXResourcesBuildPhase;
			buildActionMask = 2147483647;
			files = (
			);
			runOnlyForDeploymentPostprocessing = 0;
		};
		274A661528F5AC3C00AF03DB /* Resources */ = {
			isa = PBXResourcesBuildPhase;
			buildActionMask = 2147483647;
			files = (
				274A662128F5AC3D00AF03DB /* Assets.xcassets in Resources */,
				275FF37228F809DA00A5B751 /* Configuration.plist in Resources */,
			);
			runOnlyForDeploymentPostprocessing = 0;
		};
		274DD85628BCA0BD005E7692 /* Resources */ = {
			isa = PBXResourcesBuildPhase;
			buildActionMask = 2147483647;
			files = (
				274DD86828BCA0BE005E7692 /* LaunchScreen.storyboard in Resources */,
				27808B9428FFEA700020D6E1 /* MainTVC.xib in Resources */,
				275FF36D28F8066C00A5B751 /* Configuration.plist in Resources */,
				274DD86528BCA0BE005E7692 /* Assets.xcassets in Resources */,
				274DD86328BCA0BD005E7692 /* Main.storyboard in Resources */,
			);
			runOnlyForDeploymentPostprocessing = 0;
		};
		27E6729C28F6E27A0014E996 /* Resources */ = {
			isa = PBXResourcesBuildPhase;
			buildActionMask = 2147483647;
			files = (
			);
			runOnlyForDeploymentPostprocessing = 0;
		};
/* End PBXResourcesBuildPhase section */

/* Begin PBXShellScriptBuildPhase section */
		274DD87A28BCC2B1005E7692 /* Environment */ = {
			isa = PBXShellScriptBuildPhase;
			buildActionMask = 12;
			files = (
			);
			inputFileListPaths = (
			);
			inputPaths = (
			);
			name = Environment;
			outputFileListPaths = (
			);
			outputPaths = (
			);
			runOnlyForDeploymentPostprocessing = 0;
			shellPath = /bin/sh;
			shellScript = "#Script debugging\nset -x\n\n# Get path to SwiftConfigurationGenerator script\nSWIFT_CONFIGURATION_GENERATOR_PATH=$PROJECT_DIR/ConfigGenerator.swift\n\n# The input configuration file\nINPUT_PATH=$PROJECT_DIR/CombineProject/Components/Configurations/Configuration.plist\n\n# The generated file output path\nOUTPUT_PATH=$PROJECT_DIR/CombineProject/Resources/Generated/Environment.generated.swift\n\n# Add permission to generator for script execution\nchmod 755 $SWIFT_CONFIGURATION_GENERATOR_PATH\n\n# Execute the script\n$SWIFT_CONFIGURATION_GENERATOR_PATH $INPUT_PATH $OUTPUT_PATH\n";
		};
		27E672CC28F6FC810014E996 /* Environment */ = {
			isa = PBXShellScriptBuildPhase;
			buildActionMask = 2147483647;
			files = (
			);
			inputFileListPaths = (
			);
			inputPaths = (
			);
			name = Environment;
			outputFileListPaths = (
			);
			outputPaths = (
			);
			runOnlyForDeploymentPostprocessing = 0;
			shellPath = /bin/sh;
			shellScript = "#Script debugging\nset -x\n\n# Get path to SwiftConfigurationGenerator script\nSWIFT_CONFIGURATION_GENERATOR_PATH=$PROJECT_DIR/ConfigGenerator.swift\n\n# The input configuration file\nINPUT_PATH=$PROJECT_DIR/MyWidget/Components/Configurations/Configuration.plist\n\n# The generated file output path\nOUTPUT_PATH=$PROJECT_DIR/MyWidget/Resources/Generated/Environment.generated.swift\n\n# Add permission to generator for script execution\nchmod 755 $SWIFT_CONFIGURATION_GENERATOR_PATH\n\n# Execute the script\n$SWIFT_CONFIGURATION_GENERATOR_PATH $INPUT_PATH $OUTPUT_PATH\n";
		};
		3492576E5AD8F0774AD2378F /* [CP] Check Pods Manifest.lock */ = {
			isa = PBXShellScriptBuildPhase;
			buildActionMask = 2147483647;
			files = (
			);
			inputFileListPaths = (
			);
			inputPaths = (
				"${PODS_PODFILE_DIR_PATH}/Podfile.lock",
				"${PODS_ROOT}/Manifest.lock",
			);
			name = "[CP] Check Pods Manifest.lock";
			outputFileListPaths = (
			);
			outputPaths = (
				"$(DERIVED_FILE_DIR)/Pods-CombineProject-checkManifestLockResult.txt",
			);
			runOnlyForDeploymentPostprocessing = 0;
			shellPath = /bin/sh;
			shellScript = "diff \"${PODS_PODFILE_DIR_PATH}/Podfile.lock\" \"${PODS_ROOT}/Manifest.lock\" > /dev/null\nif [ $? != 0 ] ; then\n    # print error to STDERR\n    echo \"error: The sandbox is not in sync with the Podfile.lock. Run 'pod install' or update your CocoaPods installation.\" >&2\n    exit 1\nfi\n# This output is used by Xcode 'outputs' to avoid re-running this script phase.\necho \"SUCCESS\" > \"${SCRIPT_OUTPUT_FILE_0}\"\n";
			showEnvVarsInLog = 0;
		};
/* End PBXShellScriptBuildPhase section */

/* Begin PBXSourcesBuildPhase section */
		2733617828BDFB6B009013C6 /* Sources */ = {
			isa = PBXSourcesBuildPhase;
			buildActionMask = 2147483647;
			files = (
				2727910E28CB57AD006E472F /* Responsable.swift in Sources */,
				2733618E28BE1513009013C6 /* HTTPHeaders.swift in Sources */,
				2735F1D528C9E0B7004D3A6C /* Result+Failure.swift in Sources */,
				272CF54528C73B29008FCEA2 /* Request.swift in Sources */,
				2733619C28BE18C2009013C6 /* NetworkError.swift in Sources */,
				2733618C28BE1425009013C6 /* Cancellable.swift in Sources */,
				2735F1D228C9DD78004D3A6C /* Command.swift in Sources */,
				2738F50928C61FCC008217FA /* CachedRequestConvertible.swift in Sources */,
				2733619B28BE18BD009013C6 /* DecodingError+Debug.swift in Sources */,
				2738F50528C61914008217FA /* Network+HTTPHeader.swift in Sources */,
				273361A528BE210C009013C6 /* RetryResult.swift in Sources */,
				273361A128BE1EB7009013C6 /* AuthorizationPlugin.swift in Sources */,
				2733763528BF78AB0078480E /* Bool+Int.swift in Sources */,
				2733619328BE18B5009013C6 /* LimitOffset.swift in Sources */,
				273361B528BE354A009013C6 /* HTTPMethod.swift in Sources */,
				2733837928C894BD0010FE08 /* DataResponse.swift in Sources */,
				273361B728BE35B8009013C6 /* Network+Task.swift in Sources */,
				2738F50028C60403008217FA /* MultipartFormData+BoundartGenerator.swift in Sources */,
				273361A928BE265B009013C6 /* Network+Response.swift in Sources */,
				2733619128BE1895009013C6 /* Network.swift in Sources */,
				2733619628BE18B5009013C6 /* HTTPServerError.swift in Sources */,
				273361AF28BE2EC0009013C6 /* APIErrorPlugin.swift in Sources */,
				272CF54928C74906008FCEA2 /* NetworkSession.swift in Sources */,
				2733619228BE189D009013C6 /* With.swift in Sources */,
				275543C228D1E39200949477 /* URLSession+DownloadTaskPublisher.swift in Sources */,
				273361BB28BE5175009013C6 /* MultipartFormData.swift in Sources */,
				272CF54D28C77AFA008FCEA2 /* DataRequest.swift in Sources */,
				2720370E28C1E96D00C392C9 /* AnyEncodable.swift in Sources */,
				276E80BC28EC662700D4B23C /* Publisher+NetworkResponse.swift in Sources */,
				2733619528BE18B5009013C6 /* Duration.swift in Sources */,
				2720370C28C1E92000C392C9 /* URLRequest+Encoding.swift in Sources */,
				2738F4FE28C603AD008217FA /* MultipartFormData+BodyPart.swift in Sources */,
				2720371228C20EDC00C392C9 /* DownloadOptions.swift in Sources */,
				2733619928BE18B5009013C6 /* AccessToken.swift in Sources */,
				2733837B28C899300010FE08 /* DownloadResponse.swift in Sources */,
				272CF54B28C76048008FCEA2 /* NetworkReachabilityManager.swift in Sources */,
				273361B928BE36B9009013C6 /* ParameterEncoding.swift in Sources */,
				272CF54328C7355D008FCEA2 /* UploadRequest.swift in Sources */,
				2733619828BE18B5009013C6 /* APIResponse.swift in Sources */,
				2733619028BE1817009013C6 /* HTTPHeader.swift in Sources */,
				2720370A28C1DFAA00C392C9 /* URLRequest+Init.swift in Sources */,
				276E80A128EC34EF00D4B23C /* API+Users.swift in Sources */,
				2727EE8228CF26C500A387F8 /* Publishable.swift in Sources */,
				2733619F28BE1E8F009013C6 /* RequestConvertible.swift in Sources */,
				272CF54F28C77C3D008FCEA2 /* DownloadRequest.swift in Sources */,
				2738F50728C61A15008217FA /* Network+Combine.swift in Sources */,
				276E809F28EC34DB00D4B23C /* API.swift in Sources */,
				273361A728BE2492009013C6 /* NetworkPlugin.swift in Sources */,
				2733618A28BE1404009013C6 /* AtomicBool.swift in Sources */,
				2733618028BDFB6B009013C6 /* NetworkLayer.docc in Sources */,
				2733619428BE18B5009013C6 /* APIError.swift in Sources */,
				2733619728BE18B5009013C6 /* APIErrorStatus.swift in Sources */,
			);
			runOnlyForDeploymentPostprocessing = 0;
		};
		274A661328F5AC3C00AF03DB /* Sources */ = {
			isa = PBXSourcesBuildPhase;
			buildActionMask = 2147483647;
			files = (
				27E672D028F701DB0014E996 /* Platform.swift in Sources */,
				27E672CE28F6FCBF0014E996 /* Environment.generated.swift in Sources */,
				274A662328F5AC3D00AF03DB /* MyWidget.intentdefinition in Sources */,
				27E672C828F6F9D80014E996 /* MyWidgetVM.swift in Sources */,
				27487D3D28F96F3D00421632 /* SimpleEntry.swift in Sources */,
				274A661E28F5AC3C00AF03DB /* MyWidget.swift in Sources */,
			);
			runOnlyForDeploymentPostprocessing = 0;
		};
		274DD85428BCA0BD005E7692 /* Sources */ = {
			isa = PBXSourcesBuildPhase;
			buildActionMask = 2147483647;
			files = (
				274A662428F5AC3D00AF03DB /* MyWidget.intentdefinition in Sources */,
				27D97A8E28BCDA1B00354ADB /* Platform.swift in Sources */,
				27808B9328FFEA700020D6E1 /* MainTVC.swift in Sources */,
				27808B9C28FFEFE30020D6E1 /* UITableView+Helpers.swift in Sources */,
				27808B9728FFEE3F0020D6E1 /* With.swift in Sources */,
				27808B8F28FFE95D0020D6E1 /* MainVC+Datasource.swift in Sources */,
				2730F9F528ED8A93000CE7B6 /* Publisher+Handle.swift in Sources */,
				2730F9F728EDAC9E000CE7B6 /* BaseVC.swift in Sources */,
				274DD86028BCA0BD005E7692 /* MainVC.swift in Sources */,
				274DD85C28BCA0BD005E7692 /* AppDelegate.swift in Sources */,
				278916D928EC71D90029F056 /* BaseVM.swift in Sources */,
				278916D728EC71A70029F056 /* ViewModelContainer.swift in Sources */,
				274DD87C28BCC95E005E7692 /* Environment.generated.swift in Sources */,
				27808B9928FFEEA10020D6E1 /* OptionalProtocol.swift in Sources */,
				278916D528EC6DA10029F056 /* Makeble.swift in Sources */,
				278916CE28EC6BFE0029F056 /* MainVM.swift in Sources */,
			);
			runOnlyForDeploymentPostprocessing = 0;
		};
		27E6729A28F6E27A0014E996 /* Sources */ = {
			isa = PBXSourcesBuildPhase;
			buildActionMask = 2147483647;
			files = (
				27E672BA28F6E6850014E996 /* Publisher+MapToVoid.swift in Sources */,
				27E672B928F6E6850014E996 /* ServiceContextProvider.swift in Sources */,
				27E672B628F6E6850014E996 /* KeychainStoredError.swift in Sources */,
				27E672BC28F6E6850014E996 /* UploadFileParams.swift in Sources */,
				27E672B328F6E6850014E996 /* UserUseCase.swift in Sources */,
				27E672A228F6E27A0014E996 /* Services.docc in Sources */,
				27E672B128F6E6850014E996 /* User+Response.swift in Sources */,
				27E672BD28F6E6850014E996 /* UseCasesConsumer.swift in Sources */,
				27E672B828F6E6850014E996 /* ServiceContext.swift in Sources */,
				27E672B728F6E6850014E996 /* AppError.swift in Sources */,
				27E672B428F6E6850014E996 /* User.swift in Sources */,
				27E672C428F6EFB30014E996 /* TransportService.swift in Sources */,
				27E672BF28F6E6850014E996 /* AsyncTask.swift in Sources */,
				27E672C628F6EFCC0014E996 /* TransportUseCase.swift in Sources */,
				27E672C028F6E7710014E996 /* NSObject+AssociatedObject.swift in Sources */,
				27E672BE28F6E6850014E996 /* UserService.swift in Sources */,
				27E672BB28F6E6850014E996 /* Publisher+MapToAppError.swift in Sources */,
				27E672B528F6E6850014E996 /* UseCaseProvider.swift in Sources */,
				27E672B228F6E6850014E996 /* UserParams.swift in Sources */,
			);
			runOnlyForDeploymentPostprocessing = 0;
		};
/* End PBXSourcesBuildPhase section */

/* Begin PBXTargetDependency section */
		2733618328BDFB6B009013C6 /* PBXTargetDependency */ = {
			isa = PBXTargetDependency;
			target = 2733617B28BDFB6B009013C6 /* NetworkLayer */;
			targetProxy = 2733618228BDFB6B009013C6 /* PBXContainerItemProxy */;
		};
		274A662628F5AC3D00AF03DB /* PBXTargetDependency */ = {
			isa = PBXTargetDependency;
			target = 274A661628F5AC3C00AF03DB /* MyWidgetExtension */;
			targetProxy = 274A662528F5AC3D00AF03DB /* PBXContainerItemProxy */;
		};
		27E672A528F6E27A0014E996 /* PBXTargetDependency */ = {
			isa = PBXTargetDependency;
			target = 27E6729D28F6E27A0014E996 /* Services */;
			targetProxy = 27E672A428F6E27A0014E996 /* PBXContainerItemProxy */;
		};
/* End PBXTargetDependency section */

/* Begin PBXVariantGroup section */
		274DD86128BCA0BD005E7692 /* Main.storyboard */ = {
			isa = PBXVariantGroup;
			children = (
				274DD86228BCA0BD005E7692 /* Base */,
			);
			name = Main.storyboard;
			sourceTree = "<group>";
		};
		274DD86628BCA0BE005E7692 /* LaunchScreen.storyboard */ = {
			isa = PBXVariantGroup;
			children = (
				274DD86728BCA0BE005E7692 /* Base */,
			);
			name = LaunchScreen.storyboard;
			sourceTree = "<group>";
		};
/* End PBXVariantGroup section */

/* Begin XCBuildConfiguration section */
		2733618728BDFB6B009013C6 /* Debug */ = {
			isa = XCBuildConfiguration;
			buildSettings = {
				CODE_SIGN_STYLE = Automatic;
				CURRENT_PROJECT_VERSION = 1;
				DEFINES_MODULE = YES;
				DEVELOPMENT_TEAM = L8252FQ78N;
				DYLIB_COMPATIBILITY_VERSION = 1;
				DYLIB_CURRENT_VERSION = 1;
				DYLIB_INSTALL_NAME_BASE = "@rpath";
				EXCLUDED_ARCHS = "";
				GENERATE_INFOPLIST_FILE = YES;
				INFOPLIST_KEY_NSHumanReadableCopyright = "";
				INSTALL_PATH = "$(LOCAL_LIBRARY_DIR)/Frameworks";
				LD_RUNPATH_SEARCH_PATHS = (
					"$(inherited)",
					"@executable_path/Frameworks",
					"@loader_path/Frameworks",
				);
				MARKETING_VERSION = 1.0;
				PRODUCT_BUNDLE_IDENTIFIER = com.cleveroad.NetworkLayer;
				PRODUCT_NAME = "$(TARGET_NAME:c99extidentifier)";
				SKIP_INSTALL = YES;
				SWIFT_EMIT_LOC_STRINGS = YES;
				SWIFT_VERSION = 5.0;
				TARGETED_DEVICE_FAMILY = "1,2";
				VERSIONING_SYSTEM = "apple-generic";
				VERSION_INFO_PREFIX = "";
			};
			name = Debug;
		};
		2733618828BDFB6B009013C6 /* Release */ = {
			isa = XCBuildConfiguration;
			buildSettings = {
				CODE_SIGN_STYLE = Automatic;
				CURRENT_PROJECT_VERSION = 1;
				DEFINES_MODULE = YES;
				DEVELOPMENT_TEAM = L8252FQ78N;
				DYLIB_COMPATIBILITY_VERSION = 1;
				DYLIB_CURRENT_VERSION = 1;
				DYLIB_INSTALL_NAME_BASE = "@rpath";
				GENERATE_INFOPLIST_FILE = YES;
				INFOPLIST_KEY_NSHumanReadableCopyright = "";
				INSTALL_PATH = "$(LOCAL_LIBRARY_DIR)/Frameworks";
				LD_RUNPATH_SEARCH_PATHS = (
					"$(inherited)",
					"@executable_path/Frameworks",
					"@loader_path/Frameworks",
				);
				MARKETING_VERSION = 1.0;
				PRODUCT_BUNDLE_IDENTIFIER = com.cleveroad.NetworkLayer;
				PRODUCT_NAME = "$(TARGET_NAME:c99extidentifier)";
				SKIP_INSTALL = YES;
				SWIFT_EMIT_LOC_STRINGS = YES;
				SWIFT_VERSION = 5.0;
				TARGETED_DEVICE_FAMILY = "1,2";
				VERSIONING_SYSTEM = "apple-generic";
				VERSION_INFO_PREFIX = "";
			};
			name = Release;
		};
		274A662828F5AC3D00AF03DB /* Debug */ = {
			isa = XCBuildConfiguration;
			buildSettings = {
				ASSETCATALOG_COMPILER_GLOBAL_ACCENT_COLOR_NAME = AccentColor;
				ASSETCATALOG_COMPILER_WIDGET_BACKGROUND_COLOR_NAME = WidgetBackground;
				CODE_SIGN_ENTITLEMENTS = MyWidgetExtension.entitlements;
				CODE_SIGN_STYLE = Automatic;
				CURRENT_PROJECT_VERSION = 1;
				DEVELOPMENT_TEAM = L8252FQ78N;
				EXCLUDED_ARCHS = "";
				GENERATE_INFOPLIST_FILE = YES;
				INFOPLIST_FILE = MyWidget/Resources/Info.plist;
				INFOPLIST_KEY_CFBundleDisplayName = MyWidget;
				INFOPLIST_KEY_NSHumanReadableCopyright = "";
				LD_RUNPATH_SEARCH_PATHS = (
					"$(inherited)",
					"@executable_path/Frameworks",
					"@executable_path/../../Frameworks",
				);
				MARKETING_VERSION = 1.0;
				PRODUCT_BUNDLE_IDENTIFIER = com.cleveroad.CombineProject.MyWidget;
				PRODUCT_NAME = "$(TARGET_NAME)";
				SKIP_INSTALL = YES;
				SWIFT_EMIT_LOC_STRINGS = YES;
				SWIFT_VERSION = 5.0;
				TARGETED_DEVICE_FAMILY = 1;
			};
			name = Debug;
		};
		274A662928F5AC3D00AF03DB /* Release */ = {
			isa = XCBuildConfiguration;
			buildSettings = {
				ASSETCATALOG_COMPILER_GLOBAL_ACCENT_COLOR_NAME = AccentColor;
				ASSETCATALOG_COMPILER_WIDGET_BACKGROUND_COLOR_NAME = WidgetBackground;
				CODE_SIGN_ENTITLEMENTS = MyWidgetExtension.entitlements;
				CODE_SIGN_STYLE = Automatic;
				CURRENT_PROJECT_VERSION = 1;
				DEVELOPMENT_TEAM = L8252FQ78N;
				GENERATE_INFOPLIST_FILE = YES;
				INFOPLIST_FILE = MyWidget/Resources/Info.plist;
				INFOPLIST_KEY_CFBundleDisplayName = MyWidget;
				INFOPLIST_KEY_NSHumanReadableCopyright = "";
				LD_RUNPATH_SEARCH_PATHS = (
					"$(inherited)",
					"@executable_path/Frameworks",
					"@executable_path/../../Frameworks",
				);
				MARKETING_VERSION = 1.0;
				PRODUCT_BUNDLE_IDENTIFIER = com.cleveroad.CombineProject.MyWidget;
				PRODUCT_NAME = "$(TARGET_NAME)";
				SKIP_INSTALL = YES;
				SWIFT_EMIT_LOC_STRINGS = YES;
				SWIFT_VERSION = 5.0;
				TARGETED_DEVICE_FAMILY = 1;
			};
			name = Release;
		};
		274DD86A28BCA0BE005E7692 /* Debug */ = {
			isa = XCBuildConfiguration;
			buildSettings = {
				ALWAYS_SEARCH_USER_PATHS = NO;
				CLANG_ANALYZER_NONNULL = YES;
				CLANG_ANALYZER_NUMBER_OBJECT_CONVERSION = YES_AGGRESSIVE;
				CLANG_CXX_LANGUAGE_STANDARD = "gnu++17";
				CLANG_CXX_LIBRARY = "libc++";
				CLANG_ENABLE_MODULES = YES;
				CLANG_ENABLE_OBJC_ARC = YES;
				CLANG_ENABLE_OBJC_WEAK = YES;
				CLANG_WARN_BLOCK_CAPTURE_AUTORELEASING = YES;
				CLANG_WARN_BOOL_CONVERSION = YES;
				CLANG_WARN_COMMA = YES;
				CLANG_WARN_CONSTANT_CONVERSION = YES;
				CLANG_WARN_DEPRECATED_OBJC_IMPLEMENTATIONS = YES;
				CLANG_WARN_DIRECT_OBJC_ISA_USAGE = YES_ERROR;
				CLANG_WARN_DOCUMENTATION_COMMENTS = YES;
				CLANG_WARN_EMPTY_BODY = YES;
				CLANG_WARN_ENUM_CONVERSION = YES;
				CLANG_WARN_INFINITE_RECURSION = YES;
				CLANG_WARN_INT_CONVERSION = YES;
				CLANG_WARN_NON_LITERAL_NULL_CONVERSION = YES;
				CLANG_WARN_OBJC_IMPLICIT_RETAIN_SELF = YES;
				CLANG_WARN_OBJC_LITERAL_CONVERSION = YES;
				CLANG_WARN_OBJC_ROOT_CLASS = YES_ERROR;
				CLANG_WARN_QUOTED_INCLUDE_IN_FRAMEWORK_HEADER = YES;
				CLANG_WARN_RANGE_LOOP_ANALYSIS = YES;
				CLANG_WARN_STRICT_PROTOTYPES = YES;
				CLANG_WARN_SUSPICIOUS_MOVE = YES;
				CLANG_WARN_UNGUARDED_AVAILABILITY = YES_AGGRESSIVE;
				CLANG_WARN_UNREACHABLE_CODE = YES;
				CLANG_WARN__DUPLICATE_METHOD_MATCH = YES;
				COPY_PHASE_STRIP = NO;
				DEBUG_INFORMATION_FORMAT = dwarf;
				ENABLE_STRICT_OBJC_MSGSEND = YES;
				ENABLE_TESTABILITY = YES;
				EXCLUDED_ARCHS = arm64;
				GCC_C_LANGUAGE_STANDARD = gnu11;
				GCC_DYNAMIC_NO_PIC = NO;
				GCC_NO_COMMON_BLOCKS = YES;
				GCC_OPTIMIZATION_LEVEL = 0;
				GCC_PREPROCESSOR_DEFINITIONS = (
					"DEBUG=1",
					"$(inherited)",
				);
				GCC_WARN_64_TO_32_BIT_CONVERSION = YES;
				GCC_WARN_ABOUT_RETURN_TYPE = YES_ERROR;
				GCC_WARN_UNDECLARED_SELECTOR = YES;
				GCC_WARN_UNINITIALIZED_AUTOS = YES_AGGRESSIVE;
				GCC_WARN_UNUSED_FUNCTION = YES;
				GCC_WARN_UNUSED_VARIABLE = YES;
				IPHONEOS_DEPLOYMENT_TARGET = 15.2;
				MTL_ENABLE_DEBUG_INFO = INCLUDE_SOURCE;
				MTL_FAST_MATH = YES;
				ONLY_ACTIVE_ARCH = YES;
				SDKROOT = iphoneos;
				SWIFT_ACTIVE_COMPILATION_CONDITIONS = DEBUG;
				SWIFT_OPTIMIZATION_LEVEL = "-Onone";
			};
			name = Debug;
		};
		274DD86B28BCA0BE005E7692 /* Release */ = {
			isa = XCBuildConfiguration;
			buildSettings = {
				ALWAYS_SEARCH_USER_PATHS = NO;
				CLANG_ANALYZER_NONNULL = YES;
				CLANG_ANALYZER_NUMBER_OBJECT_CONVERSION = YES_AGGRESSIVE;
				CLANG_CXX_LANGUAGE_STANDARD = "gnu++17";
				CLANG_CXX_LIBRARY = "libc++";
				CLANG_ENABLE_MODULES = YES;
				CLANG_ENABLE_OBJC_ARC = YES;
				CLANG_ENABLE_OBJC_WEAK = YES;
				CLANG_WARN_BLOCK_CAPTURE_AUTORELEASING = YES;
				CLANG_WARN_BOOL_CONVERSION = YES;
				CLANG_WARN_COMMA = YES;
				CLANG_WARN_CONSTANT_CONVERSION = YES;
				CLANG_WARN_DEPRECATED_OBJC_IMPLEMENTATIONS = YES;
				CLANG_WARN_DIRECT_OBJC_ISA_USAGE = YES_ERROR;
				CLANG_WARN_DOCUMENTATION_COMMENTS = YES;
				CLANG_WARN_EMPTY_BODY = YES;
				CLANG_WARN_ENUM_CONVERSION = YES;
				CLANG_WARN_INFINITE_RECURSION = YES;
				CLANG_WARN_INT_CONVERSION = YES;
				CLANG_WARN_NON_LITERAL_NULL_CONVERSION = YES;
				CLANG_WARN_OBJC_IMPLICIT_RETAIN_SELF = YES;
				CLANG_WARN_OBJC_LITERAL_CONVERSION = YES;
				CLANG_WARN_OBJC_ROOT_CLASS = YES_ERROR;
				CLANG_WARN_QUOTED_INCLUDE_IN_FRAMEWORK_HEADER = YES;
				CLANG_WARN_RANGE_LOOP_ANALYSIS = YES;
				CLANG_WARN_STRICT_PROTOTYPES = YES;
				CLANG_WARN_SUSPICIOUS_MOVE = YES;
				CLANG_WARN_UNGUARDED_AVAILABILITY = YES_AGGRESSIVE;
				CLANG_WARN_UNREACHABLE_CODE = YES;
				CLANG_WARN__DUPLICATE_METHOD_MATCH = YES;
				COPY_PHASE_STRIP = NO;
				DEBUG_INFORMATION_FORMAT = "dwarf-with-dsym";
				ENABLE_NS_ASSERTIONS = NO;
				ENABLE_STRICT_OBJC_MSGSEND = YES;
				GCC_C_LANGUAGE_STANDARD = gnu11;
				GCC_NO_COMMON_BLOCKS = YES;
				GCC_WARN_64_TO_32_BIT_CONVERSION = YES;
				GCC_WARN_ABOUT_RETURN_TYPE = YES_ERROR;
				GCC_WARN_UNDECLARED_SELECTOR = YES;
				GCC_WARN_UNINITIALIZED_AUTOS = YES_AGGRESSIVE;
				GCC_WARN_UNUSED_FUNCTION = YES;
				GCC_WARN_UNUSED_VARIABLE = YES;
				IPHONEOS_DEPLOYMENT_TARGET = 15.2;
				MTL_ENABLE_DEBUG_INFO = NO;
				MTL_FAST_MATH = YES;
				SDKROOT = iphoneos;
				SWIFT_COMPILATION_MODE = wholemodule;
				SWIFT_OPTIMIZATION_LEVEL = "-O";
				VALIDATE_PRODUCT = YES;
			};
			name = Release;
		};
		274DD86D28BCA0BE005E7692 /* Debug */ = {
			isa = XCBuildConfiguration;
			baseConfigurationReference = 0DBEA1E22F606F2319988B74 /* Pods-CombineProject.debug.xcconfig */;
			buildSettings = {
				ALWAYS_EMBED_SWIFT_STANDARD_LIBRARIES = YES;
				ASSETCATALOG_COMPILER_APPICON_NAME = AppIcon;
				ASSETCATALOG_COMPILER_GLOBAL_ACCENT_COLOR_NAME = AccentColor;
				CODE_SIGN_ENTITLEMENTS = CombineProject/CombineProject.entitlements;
				CODE_SIGN_STYLE = Automatic;
				CURRENT_PROJECT_VERSION = 1;
				DEVELOPMENT_TEAM = L8252FQ78N;
				EXCLUDED_ARCHS = "";
				GENERATE_INFOPLIST_FILE = YES;
				INFOPLIST_FILE = CombineProject/Resources/Info.plist;
				INFOPLIST_KEY_UIApplicationSupportsIndirectInputEvents = YES;
				INFOPLIST_KEY_UILaunchStoryboardName = LaunchScreen;
				INFOPLIST_KEY_UIMainStoryboardFile = Main;
				INFOPLIST_KEY_UISupportedInterfaceOrientations = UIInterfaceOrientationPortrait;
				INFOPLIST_KEY_UISupportedInterfaceOrientations_iPad = "UIInterfaceOrientationPortrait UIInterfaceOrientationPortraitUpsideDown UIInterfaceOrientationLandscapeLeft UIInterfaceOrientationLandscapeRight";
				INFOPLIST_KEY_UISupportedInterfaceOrientations_iPhone = "UIInterfaceOrientationPortrait UIInterfaceOrientationLandscapeLeft UIInterfaceOrientationLandscapeRight";
				LD_RUNPATH_SEARCH_PATHS = (
					"$(inherited)",
					"@executable_path/Frameworks",
				);
				MARKETING_VERSION = 1.0;
				PRODUCT_BUNDLE_IDENTIFIER = com.cleveroad.CombineProject;
				PRODUCT_NAME = "$(TARGET_NAME)";
				SWIFT_EMIT_LOC_STRINGS = YES;
				SWIFT_VERSION = 5.0;
				TARGETED_DEVICE_FAMILY = 1;
			};
			name = Debug;
		};
		274DD86E28BCA0BE005E7692 /* Release */ = {
			isa = XCBuildConfiguration;
			baseConfigurationReference = F9D4AD34552314FB577E32B8 /* Pods-CombineProject.release.xcconfig */;
			buildSettings = {
				ALWAYS_EMBED_SWIFT_STANDARD_LIBRARIES = YES;
				ASSETCATALOG_COMPILER_APPICON_NAME = AppIcon;
				ASSETCATALOG_COMPILER_GLOBAL_ACCENT_COLOR_NAME = AccentColor;
				CODE_SIGN_ENTITLEMENTS = CombineProject/CombineProject.entitlements;
				CODE_SIGN_STYLE = Automatic;
				CURRENT_PROJECT_VERSION = 1;
				DEVELOPMENT_TEAM = L8252FQ78N;
				GENERATE_INFOPLIST_FILE = YES;
				INFOPLIST_FILE = CombineProject/Resources/Info.plist;
				INFOPLIST_KEY_UIApplicationSupportsIndirectInputEvents = YES;
				INFOPLIST_KEY_UILaunchStoryboardName = LaunchScreen;
				INFOPLIST_KEY_UIMainStoryboardFile = Main;
				INFOPLIST_KEY_UISupportedInterfaceOrientations = UIInterfaceOrientationPortrait;
				INFOPLIST_KEY_UISupportedInterfaceOrientations_iPad = "UIInterfaceOrientationPortrait UIInterfaceOrientationPortraitUpsideDown UIInterfaceOrientationLandscapeLeft UIInterfaceOrientationLandscapeRight";
				INFOPLIST_KEY_UISupportedInterfaceOrientations_iPhone = "UIInterfaceOrientationPortrait UIInterfaceOrientationLandscapeLeft UIInterfaceOrientationLandscapeRight";
				LD_RUNPATH_SEARCH_PATHS = (
					"$(inherited)",
					"@executable_path/Frameworks",
				);
				MARKETING_VERSION = 1.0;
				PRODUCT_BUNDLE_IDENTIFIER = com.cleveroad.CombineProject;
				PRODUCT_NAME = "$(TARGET_NAME)";
				SWIFT_EMIT_LOC_STRINGS = YES;
				SWIFT_VERSION = 5.0;
				TARGETED_DEVICE_FAMILY = 1;
			};
			name = Release;
		};
		27E672A928F6E27A0014E996 /* Debug */ = {
			isa = XCBuildConfiguration;
			buildSettings = {
				CODE_SIGN_STYLE = Automatic;
				CURRENT_PROJECT_VERSION = 1;
				DEFINES_MODULE = YES;
				DEVELOPMENT_TEAM = L8252FQ78N;
				DYLIB_COMPATIBILITY_VERSION = 1;
				DYLIB_CURRENT_VERSION = 1;
				DYLIB_INSTALL_NAME_BASE = "@rpath";
				EXCLUDED_ARCHS = "";
				GENERATE_INFOPLIST_FILE = YES;
				INFOPLIST_KEY_NSHumanReadableCopyright = "";
				INSTALL_PATH = "$(LOCAL_LIBRARY_DIR)/Frameworks";
				LD_RUNPATH_SEARCH_PATHS = (
					"$(inherited)",
					"@executable_path/Frameworks",
					"@loader_path/Frameworks",
				);
				MARKETING_VERSION = 1.0;
				PRODUCT_BUNDLE_IDENTIFIER = com.cleveroad.Services;
				PRODUCT_NAME = "$(TARGET_NAME:c99extidentifier)";
				SKIP_INSTALL = YES;
				SWIFT_EMIT_LOC_STRINGS = YES;
				SWIFT_VERSION = 5.0;
				TARGETED_DEVICE_FAMILY = "1,2";
				VERSIONING_SYSTEM = "apple-generic";
				VERSION_INFO_PREFIX = "";
			};
			name = Debug;
		};
		27E672AA28F6E27A0014E996 /* Release */ = {
			isa = XCBuildConfiguration;
			buildSettings = {
				CODE_SIGN_STYLE = Automatic;
				CURRENT_PROJECT_VERSION = 1;
				DEFINES_MODULE = YES;
				DEVELOPMENT_TEAM = L8252FQ78N;
				DYLIB_COMPATIBILITY_VERSION = 1;
				DYLIB_CURRENT_VERSION = 1;
				DYLIB_INSTALL_NAME_BASE = "@rpath";
				GENERATE_INFOPLIST_FILE = YES;
				INFOPLIST_KEY_NSHumanReadableCopyright = "";
				INSTALL_PATH = "$(LOCAL_LIBRARY_DIR)/Frameworks";
				LD_RUNPATH_SEARCH_PATHS = (
					"$(inherited)",
					"@executable_path/Frameworks",
					"@loader_path/Frameworks",
				);
				MARKETING_VERSION = 1.0;
				PRODUCT_BUNDLE_IDENTIFIER = com.cleveroad.Services;
				PRODUCT_NAME = "$(TARGET_NAME:c99extidentifier)";
				SKIP_INSTALL = YES;
				SWIFT_EMIT_LOC_STRINGS = YES;
				SWIFT_VERSION = 5.0;
				TARGETED_DEVICE_FAMILY = "1,2";
				VERSIONING_SYSTEM = "apple-generic";
				VERSION_INFO_PREFIX = "";
			};
			name = Release;
		};
/* End XCBuildConfiguration section */

/* Begin XCConfigurationList section */
		2733618628BDFB6B009013C6 /* Build configuration list for PBXNativeTarget "NetworkLayer" */ = {
			isa = XCConfigurationList;
			buildConfigurations = (
				2733618728BDFB6B009013C6 /* Debug */,
				2733618828BDFB6B009013C6 /* Release */,
			);
			defaultConfigurationIsVisible = 0;
			defaultConfigurationName = Release;
		};
		274A662A28F5AC3D00AF03DB /* Build configuration list for PBXNativeTarget "MyWidgetExtension" */ = {
			isa = XCConfigurationList;
			buildConfigurations = (
				274A662828F5AC3D00AF03DB /* Debug */,
				274A662928F5AC3D00AF03DB /* Release */,
			);
			defaultConfigurationIsVisible = 0;
			defaultConfigurationName = Release;
		};
		274DD85328BCA0BD005E7692 /* Build configuration list for PBXProject "CombineProject" */ = {
			isa = XCConfigurationList;
			buildConfigurations = (
				274DD86A28BCA0BE005E7692 /* Debug */,
				274DD86B28BCA0BE005E7692 /* Release */,
			);
			defaultConfigurationIsVisible = 0;
			defaultConfigurationName = Release;
		};
		274DD86C28BCA0BE005E7692 /* Build configuration list for PBXNativeTarget "CombineProject" */ = {
			isa = XCConfigurationList;
			buildConfigurations = (
				274DD86D28BCA0BE005E7692 /* Debug */,
				274DD86E28BCA0BE005E7692 /* Release */,
			);
			defaultConfigurationIsVisible = 0;
			defaultConfigurationName = Release;
		};
		27E672A828F6E27A0014E996 /* Build configuration list for PBXNativeTarget "Services" */ = {
			isa = XCConfigurationList;
			buildConfigurations = (
				27E672A928F6E27A0014E996 /* Debug */,
				27E672AA28F6E27A0014E996 /* Release */,
			);
			defaultConfigurationIsVisible = 0;
			defaultConfigurationName = Release;
		};
/* End XCConfigurationList section */
	};
	rootObject = 274DD85028BCA0BD005E7692 /* Project object */;
}
