// !$*UTF8*$!
{
	archiveVersion = 1;
	classes = {
	};
	objectVersion = 55;
	objects = {

/* Begin PBXBuildFile section */
		274DD85C28BCA0BD005E7692 /* AppDelegate.swift in Sources */ = {isa = PBXBuildFile; fileRef = 274DD85B28BCA0BD005E7692 /* AppDelegate.swift */; };
		274DD86028BCA0BD005E7692 /* ViewController.swift in Sources */ = {isa = PBXBuildFile; fileRef = 274DD85F28BCA0BD005E7692 /* ViewController.swift */; };
		274DD86328BCA0BD005E7692 /* Main.storyboard in Resources */ = {isa = PBXBuildFile; fileRef = 274DD86128BCA0BD005E7692 /* Main.storyboard */; };
		274DD86528BCA0BE005E7692 /* Assets.xcassets in Resources */ = {isa = PBXBuildFile; fileRef = 274DD86428BCA0BE005E7692 /* Assets.xcassets */; };
		274DD86828BCA0BE005E7692 /* LaunchScreen.storyboard in Resources */ = {isa = PBXBuildFile; fileRef = 274DD86628BCA0BE005E7692 /* LaunchScreen.storyboard */; };
		274DD87928BCC18F005E7692 /* Configuration.plist in Resources */ = {isa = PBXBuildFile; fileRef = 274DD87828BCC18F005E7692 /* Configuration.plist */; };
		274DD87C28BCC95E005E7692 /* Environment.generated.swift in Sources */ = {isa = PBXBuildFile; fileRef = 274DD87B28BCC95E005E7692 /* Environment.generated.swift */; };
		8BF2A34C7142118531985073 /* Pods_CombineProject.framework in Frameworks */ = {isa = PBXBuildFile; fileRef = C8929B34D381C9339FBF8227 /* Pods_CombineProject.framework */; };
/* End PBXBuildFile section */

/* Begin PBXFileReference section */
		0DBEA1E22F606F2319988B74 /* Pods-CombineProject.debug.xcconfig */ = {isa = PBXFileReference; includeInIndex = 1; lastKnownFileType = text.xcconfig; name = "Pods-CombineProject.debug.xcconfig"; path = "Target Support Files/Pods-CombineProject/Pods-CombineProject.debug.xcconfig"; sourceTree = "<group>"; };
		274DD85828BCA0BD005E7692 /* CombineProject.app */ = {isa = PBXFileReference; explicitFileType = wrapper.application; includeInIndex = 0; path = CombineProject.app; sourceTree = BUILT_PRODUCTS_DIR; };
		274DD85B28BCA0BD005E7692 /* AppDelegate.swift */ = {isa = PBXFileReference; lastKnownFileType = sourcecode.swift; path = AppDelegate.swift; sourceTree = "<group>"; };
		274DD85F28BCA0BD005E7692 /* ViewController.swift */ = {isa = PBXFileReference; lastKnownFileType = sourcecode.swift; path = ViewController.swift; sourceTree = "<group>"; };
		274DD86228BCA0BD005E7692 /* Base */ = {isa = PBXFileReference; lastKnownFileType = file.storyboard; name = Base; path = Base.lproj/Main.storyboard; sourceTree = "<group>"; };
		274DD86428BCA0BE005E7692 /* Assets.xcassets */ = {isa = PBXFileReference; lastKnownFileType = folder.assetcatalog; path = Assets.xcassets; sourceTree = "<group>"; };
		274DD86728BCA0BE005E7692 /* Base */ = {isa = PBXFileReference; lastKnownFileType = file.storyboard; name = Base; path = Base.lproj/LaunchScreen.storyboard; sourceTree = "<group>"; };
		274DD86928BCA0BE005E7692 /* Info.plist */ = {isa = PBXFileReference; lastKnownFileType = text.plist.xml; path = Info.plist; sourceTree = "<group>"; };
		274DD87828BCC18F005E7692 /* Configuration.plist */ = {isa = PBXFileReference; lastKnownFileType = text.plist.xml; path = Configuration.plist; sourceTree = "<group>"; };
		274DD87B28BCC95E005E7692 /* Environment.generated.swift */ = {isa = PBXFileReference; fileEncoding = 4; lastKnownFileType = sourcecode.swift; path = Environment.generated.swift; sourceTree = "<group>"; };
		C8929B34D381C9339FBF8227 /* Pods_CombineProject.framework */ = {isa = PBXFileReference; explicitFileType = wrapper.framework; includeInIndex = 0; path = Pods_CombineProject.framework; sourceTree = BUILT_PRODUCTS_DIR; };
		F9D4AD34552314FB577E32B8 /* Pods-CombineProject.release.xcconfig */ = {isa = PBXFileReference; includeInIndex = 1; lastKnownFileType = text.xcconfig; name = "Pods-CombineProject.release.xcconfig"; path = "Target Support Files/Pods-CombineProject/Pods-CombineProject.release.xcconfig"; sourceTree = "<group>"; };
/* End PBXFileReference section */

/* Begin PBXFrameworksBuildPhase section */
		274DD85528BCA0BD005E7692 /* Frameworks */ = {
			isa = PBXFrameworksBuildPhase;
			buildActionMask = 2147483647;
			files = (
				8BF2A34C7142118531985073 /* Pods_CombineProject.framework in Frameworks */,
			);
			runOnlyForDeploymentPostprocessing = 0;
		};
/* End PBXFrameworksBuildPhase section */

/* Begin PBXGroup section */
		1C495345BD93DEFC4E7B786F /* Frameworks */ = {
			isa = PBXGroup;
			children = (
				C8929B34D381C9339FBF8227 /* Pods_CombineProject.framework */,
			);
			name = Frameworks;
			sourceTree = "<group>";
		};
		274DD84F28BCA0BD005E7692 = {
			isa = PBXGroup;
			children = (
				274DD85A28BCA0BD005E7692 /* CombineProject */,
				274DD85928BCA0BD005E7692 /* Products */,
				43769F1058849CA130D7AE0E /* Pods */,
				1C495345BD93DEFC4E7B786F /* Frameworks */,
			);
			sourceTree = "<group>";
		};
		274DD85928BCA0BD005E7692 /* Products */ = {
			isa = PBXGroup;
			children = (
				274DD85828BCA0BD005E7692 /* CombineProject.app */,
			);
			name = Products;
			sourceTree = "<group>";
		};
		274DD85A28BCA0BD005E7692 /* CombineProject */ = {
			isa = PBXGroup;
			children = (
				274DD87228BCB752005E7692 /* Resources */,
				274DD87128BCB73F005E7692 /* Features */,
				274DD87028BCB708005E7692 /* Extensions */,
				274DD86F28BCB6FE005E7692 /* Components */,
				274DD85B28BCA0BD005E7692 /* AppDelegate.swift */,
				274DD85F28BCA0BD005E7692 /* ViewController.swift */,
				274DD86128BCA0BD005E7692 /* Main.storyboard */,
				274DD86628BCA0BE005E7692 /* LaunchScreen.storyboard */,
			);
			path = CombineProject;
			sourceTree = "<group>";
		};
		274DD86F28BCB6FE005E7692 /* Components */ = {
			isa = PBXGroup;
			children = (
				274DD87428BCBB71005E7692 /* Configurations */,
			);
			path = Components;
			sourceTree = "<group>";
		};
		274DD87028BCB708005E7692 /* Extensions */ = {
			isa = PBXGroup;
			children = (
			);
			path = Extensions;
			sourceTree = "<group>";
		};
		274DD87128BCB73F005E7692 /* Features */ = {
			isa = PBXGroup;
			children = (
			);
			path = Features;
			sourceTree = "<group>";
		};
		274DD87228BCB752005E7692 /* Resources */ = {
			isa = PBXGroup;
			children = (
				274DD87528BCBC75005E7692 /* Generated */,
				274DD86428BCA0BE005E7692 /* Assets.xcassets */,
				274DD86928BCA0BE005E7692 /* Info.plist */,
			);
			path = Resources;
			sourceTree = "<group>";
		};
		274DD87428BCBB71005E7692 /* Configurations */ = {
			isa = PBXGroup;
			children = (
				274DD87828BCC18F005E7692 /* Configuration.plist */,
			);
			path = Configurations;
			sourceTree = "<group>";
		};
		274DD87528BCBC75005E7692 /* Generated */ = {
			isa = PBXGroup;
			children = (
				274DD87B28BCC95E005E7692 /* Environment.generated.swift */,
			);
			path = Generated;
			sourceTree = "<group>";
		};
		43769F1058849CA130D7AE0E /* Pods */ = {
			isa = PBXGroup;
			children = (
				0DBEA1E22F606F2319988B74 /* Pods-CombineProject.debug.xcconfig */,
				F9D4AD34552314FB577E32B8 /* Pods-CombineProject.release.xcconfig */,
			);
			path = Pods;
			sourceTree = "<group>";
		};
/* End PBXGroup section */

/* Begin PBXNativeTarget section */
		274DD85728BCA0BD005E7692 /* CombineProject */ = {
			isa = PBXNativeTarget;
			buildConfigurationList = 274DD86C28BCA0BE005E7692 /* Build configuration list for PBXNativeTarget "CombineProject" */;
			buildPhases = (
				3492576E5AD8F0774AD2378F /* [CP] Check Pods Manifest.lock */,
				274DD87A28BCC2B1005E7692 /* Environment */,
				274DD85428BCA0BD005E7692 /* Sources */,
				274DD85528BCA0BD005E7692 /* Frameworks */,
				274DD85628BCA0BD005E7692 /* Resources */,
			);
			buildRules = (
			);
			dependencies = (
			);
			name = CombineProject;
			productName = CombineProject;
			productReference = 274DD85828BCA0BD005E7692 /* CombineProject.app */;
			productType = "com.apple.product-type.application";
		};
/* End PBXNativeTarget section */

/* Begin PBXProject section */
		274DD85028BCA0BD005E7692 /* Project object */ = {
			isa = PBXProject;
			attributes = {
				BuildIndependentTargetsInParallel = 1;
				LastSwiftUpdateCheck = 1320;
				LastUpgradeCheck = 1320;
				TargetAttributes = {
					274DD85728BCA0BD005E7692 = {
						CreatedOnToolsVersion = 13.2.1;
					};
				};
			};
			buildConfigurationList = 274DD85328BCA0BD005E7692 /* Build configuration list for PBXProject "CombineProject" */;
			compatibilityVersion = "Xcode 13.0";
			developmentRegion = en;
			hasScannedForEncodings = 0;
			knownRegions = (
				en,
				Base,
			);
			mainGroup = 274DD84F28BCA0BD005E7692;
			productRefGroup = 274DD85928BCA0BD005E7692 /* Products */;
			projectDirPath = "";
			projectRoot = "";
			targets = (
				274DD85728BCA0BD005E7692 /* CombineProject */,
			);
		};
/* End PBXProject section */

/* Begin PBXResourcesBuildPhase section */
		274DD85628BCA0BD005E7692 /* Resources */ = {
			isa = PBXResourcesBuildPhase;
			buildActionMask = 2147483647;
			files = (
				274DD86828BCA0BE005E7692 /* LaunchScreen.storyboard in Resources */,
				274DD87928BCC18F005E7692 /* Configuration.plist in Resources */,
				274DD86528BCA0BE005E7692 /* Assets.xcassets in Resources */,
				274DD86328BCA0BD005E7692 /* Main.storyboard in Resources */,
			);
			runOnlyForDeploymentPostprocessing = 0;
		};
/* End PBXResourcesBuildPhase section */

/* Begin PBXShellScriptBuildPhase section */
		274DD87A28BCC2B1005E7692 /* Environment */ = {
			isa = PBXShellScriptBuildPhase;
			buildActionMask = 12;
			files = (
			);
			inputFileListPaths = (
			);
			inputPaths = (
			);
			name = Environment;
			outputFileListPaths = (
			);
			outputPaths = (
			);
			runOnlyForDeploymentPostprocessing = 0;
			shellPath = /bin/sh;
			shellScript = "#Script debugging\nset -x\n\n# Get path to SwiftConfigurationGenerator script\nSWIFT_CONFIGURATION_GENERATOR_PATH=$PROJECT_DIR/ConfigGenerator.swift\n\n# The input configuration file\nINPUT_PATH=$PROJECT_DIR/CombineProject/Components/Configurations/Configuration.plist\n\n# The generated file output path\nOUTPUT_PATH=$PROJECT_DIR/CombineProject/Resources/Generated/Environment.generated.swift\n\n# Add permission to generator for script execution\nchmod 755 $SWIFT_CONFIGURATION_GENERATOR_PATH\n\n# Execute the script\n$SWIFT_CONFIGURATION_GENERATOR_PATH $INPUT_PATH $OUTPUT_PATH\n";
		};
		3492576E5AD8F0774AD2378F /* [CP] Check Pods Manifest.lock */ = {
			isa = PBXShellScriptBuildPhase;
			buildActionMask = 2147483647;
			files = (
			);
			inputFileListPaths = (
			);
			inputPaths = (
				"${PODS_PODFILE_DIR_PATH}/Podfile.lock",
				"${PODS_ROOT}/Manifest.lock",
			);
			name = "[CP] Check Pods Manifest.lock";
			outputFileListPaths = (
			);
			outputPaths = (
				"$(DERIVED_FILE_DIR)/Pods-CombineProject-checkManifestLockResult.txt",
			);
			runOnlyForDeploymentPostprocessing = 0;
			shellPath = /bin/sh;
			shellScript = "diff \"${PODS_PODFILE_DIR_PATH}/Podfile.lock\" \"${PODS_ROOT}/Manifest.lock\" > /dev/null\nif [ $? != 0 ] ; then\n    # print error to STDERR\n    echo \"error: The sandbox is not in sync with the Podfile.lock. Run 'pod install' or update your CocoaPods installation.\" >&2\n    exit 1\nfi\n# This output is used by Xcode 'outputs' to avoid re-running this script phase.\necho \"SUCCESS\" > \"${SCRIPT_OUTPUT_FILE_0}\"\n";
			showEnvVarsInLog = 0;
		};
/* End PBXShellScriptBuildPhase section */

/* Begin PBXSourcesBuildPhase section */
		274DD85428BCA0BD005E7692 /* Sources */ = {
			isa = PBXSourcesBuildPhase;
			buildActionMask = 2147483647;
			files = (
				274DD86028BCA0BD005E7692 /* ViewController.swift in Sources */,
				274DD85C28BCA0BD005E7692 /* AppDelegate.swift in Sources */,
				274DD87C28BCC95E005E7692 /* Environment.generated.swift in Sources */,
			);
			runOnlyForDeploymentPostprocessing = 0;
		};
/* End PBXSourcesBuildPhase section */

/* Begin PBXVariantGroup section */
		274DD86128BCA0BD005E7692 /* Main.storyboard */ = {
			isa = PBXVariantGroup;
			children = (
				274DD86228BCA0BD005E7692 /* Base */,
			);
			name = Main.storyboard;
			sourceTree = "<group>";
		};
		274DD86628BCA0BE005E7692 /* LaunchScreen.storyboard */ = {
			isa = PBXVariantGroup;
			children = (
				274DD86728BCA0BE005E7692 /* Base */,
			);
			name = LaunchScreen.storyboard;
			sourceTree = "<group>";
		};
/* End PBXVariantGroup section */

/* Begin XCBuildConfiguration section */
		274DD86A28BCA0BE005E7692 /* Debug */ = {
			isa = XCBuildConfiguration;
			buildSettings = {
				ALWAYS_SEARCH_USER_PATHS = NO;
				CLANG_ANALYZER_NONNULL = YES;
				CLANG_ANALYZER_NUMBER_OBJECT_CONVERSION = YES_AGGRESSIVE;
				CLANG_CXX_LANGUAGE_STANDARD = "gnu++17";
				CLANG_CXX_LIBRARY = "libc++";
				CLANG_ENABLE_MODULES = YES;
				CLANG_ENABLE_OBJC_ARC = YES;
				CLANG_ENABLE_OBJC_WEAK = YES;
				CLANG_WARN_BLOCK_CAPTURE_AUTORELEASING = YES;
				CLANG_WARN_BOOL_CONVERSION = YES;
				CLANG_WARN_COMMA = YES;
				CLANG_WARN_CONSTANT_CONVERSION = YES;
				CLANG_WARN_DEPRECATED_OBJC_IMPLEMENTATIONS = YES;
				CLANG_WARN_DIRECT_OBJC_ISA_USAGE = YES_ERROR;
				CLANG_WARN_DOCUMENTATION_COMMENTS = YES;
				CLANG_WARN_EMPTY_BODY = YES;
				CLANG_WARN_ENUM_CONVERSION = YES;
				CLANG_WARN_INFINITE_RECURSION = YES;
				CLANG_WARN_INT_CONVERSION = YES;
				CLANG_WARN_NON_LITERAL_NULL_CONVERSION = YES;
				CLANG_WARN_OBJC_IMPLICIT_RETAIN_SELF = YES;
				CLANG_WARN_OBJC_LITERAL_CONVERSION = YES;
				CLANG_WARN_OBJC_ROOT_CLASS = YES_ERROR;
				CLANG_WARN_QUOTED_INCLUDE_IN_FRAMEWORK_HEADER = YES;
				CLANG_WARN_RANGE_LOOP_ANALYSIS = YES;
				CLANG_WARN_STRICT_PROTOTYPES = YES;
				CLANG_WARN_SUSPICIOUS_MOVE = YES;
				CLANG_WARN_UNGUARDED_AVAILABILITY = YES_AGGRESSIVE;
				CLANG_WARN_UNREACHABLE_CODE = YES;
				CLANG_WARN__DUPLICATE_METHOD_MATCH = YES;
				COPY_PHASE_STRIP = NO;
				DEBUG_INFORMATION_FORMAT = dwarf;
				ENABLE_STRICT_OBJC_MSGSEND = YES;
				ENABLE_TESTABILITY = YES;
				GCC_C_LANGUAGE_STANDARD = gnu11;
				GCC_DYNAMIC_NO_PIC = NO;
				GCC_NO_COMMON_BLOCKS = YES;
				GCC_OPTIMIZATION_LEVEL = 0;
				GCC_PREPROCESSOR_DEFINITIONS = (
					"DEBUG=1",
					"$(inherited)",
				);
				GCC_WARN_64_TO_32_BIT_CONVERSION = YES;
				GCC_WARN_ABOUT_RETURN_TYPE = YES_ERROR;
				GCC_WARN_UNDECLARED_SELECTOR = YES;
				GCC_WARN_UNINITIALIZED_AUTOS = YES_AGGRESSIVE;
				GCC_WARN_UNUSED_FUNCTION = YES;
				GCC_WARN_UNUSED_VARIABLE = YES;
				IPHONEOS_DEPLOYMENT_TARGET = 15.2;
				MTL_ENABLE_DEBUG_INFO = INCLUDE_SOURCE;
				MTL_FAST_MATH = YES;
				ONLY_ACTIVE_ARCH = YES;
				SDKROOT = iphoneos;
				SWIFT_ACTIVE_COMPILATION_CONDITIONS = DEBUG;
				SWIFT_OPTIMIZATION_LEVEL = "-Onone";
			};
			name = Debug;
		};
		274DD86B28BCA0BE005E7692 /* Release */ = {
			isa = XCBuildConfiguration;
			buildSettings = {
				ALWAYS_SEARCH_USER_PATHS = NO;
				CLANG_ANALYZER_NONNULL = YES;
				CLANG_ANALYZER_NUMBER_OBJECT_CONVERSION = YES_AGGRESSIVE;
				CLANG_CXX_LANGUAGE_STANDARD = "gnu++17";
				CLANG_CXX_LIBRARY = "libc++";
				CLANG_ENABLE_MODULES = YES;
				CLANG_ENABLE_OBJC_ARC = YES;
				CLANG_ENABLE_OBJC_WEAK = YES;
				CLANG_WARN_BLOCK_CAPTURE_AUTORELEASING = YES;
				CLANG_WARN_BOOL_CONVERSION = YES;
				CLANG_WARN_COMMA = YES;
				CLANG_WARN_CONSTANT_CONVERSION = YES;
				CLANG_WARN_DEPRECATED_OBJC_IMPLEMENTATIONS = YES;
				CLANG_WARN_DIRECT_OBJC_ISA_USAGE = YES_ERROR;
				CLANG_WARN_DOCUMENTATION_COMMENTS = YES;
				CLANG_WARN_EMPTY_BODY = YES;
				CLANG_WARN_ENUM_CONVERSION = YES;
				CLANG_WARN_INFINITE_RECURSION = YES;
				CLANG_WARN_INT_CONVERSION = YES;
				CLANG_WARN_NON_LITERAL_NULL_CONVERSION = YES;
				CLANG_WARN_OBJC_IMPLICIT_RETAIN_SELF = YES;
				CLANG_WARN_OBJC_LITERAL_CONVERSION = YES;
				CLANG_WARN_OBJC_ROOT_CLASS = YES_ERROR;
				CLANG_WARN_QUOTED_INCLUDE_IN_FRAMEWORK_HEADER = YES;
				CLANG_WARN_RANGE_LOOP_ANALYSIS = YES;
				CLANG_WARN_STRICT_PROTOTYPES = YES;
				CLANG_WARN_SUSPICIOUS_MOVE = YES;
				CLANG_WARN_UNGUARDED_AVAILABILITY = YES_AGGRESSIVE;
				CLANG_WARN_UNREACHABLE_CODE = YES;
				CLANG_WARN__DUPLICATE_METHOD_MATCH = YES;
				COPY_PHASE_STRIP = NO;
				DEBUG_INFORMATION_FORMAT = "dwarf-with-dsym";
				ENABLE_NS_ASSERTIONS = NO;
				ENABLE_STRICT_OBJC_MSGSEND = YES;
				GCC_C_LANGUAGE_STANDARD = gnu11;
				GCC_NO_COMMON_BLOCKS = YES;
				GCC_WARN_64_TO_32_BIT_CONVERSION = YES;
				GCC_WARN_ABOUT_RETURN_TYPE = YES_ERROR;
				GCC_WARN_UNDECLARED_SELECTOR = YES;
				GCC_WARN_UNINITIALIZED_AUTOS = YES_AGGRESSIVE;
				GCC_WARN_UNUSED_FUNCTION = YES;
				GCC_WARN_UNUSED_VARIABLE = YES;
				IPHONEOS_DEPLOYMENT_TARGET = 15.2;
				MTL_ENABLE_DEBUG_INFO = NO;
				MTL_FAST_MATH = YES;
				SDKROOT = iphoneos;
				SWIFT_COMPILATION_MODE = wholemodule;
				SWIFT_OPTIMIZATION_LEVEL = "-O";
				VALIDATE_PRODUCT = YES;
			};
			name = Release;
		};
		274DD86D28BCA0BE005E7692 /* Debug */ = {
			isa = XCBuildConfiguration;
			baseConfigurationReference = 0DBEA1E22F606F2319988B74 /* Pods-CombineProject.debug.xcconfig */;
			buildSettings = {
				ASSETCATALOG_COMPILER_APPICON_NAME = AppIcon;
				ASSETCATALOG_COMPILER_GLOBAL_ACCENT_COLOR_NAME = AccentColor;
				CODE_SIGN_STYLE = Automatic;
				CURRENT_PROJECT_VERSION = 1;
				DEVELOPMENT_TEAM = L8252FQ78N;
				GENERATE_INFOPLIST_FILE = YES;
				INFOPLIST_FILE = CombineProject/Resources/Info.plist;
				INFOPLIST_KEY_UIApplicationSupportsIndirectInputEvents = YES;
				INFOPLIST_KEY_UILaunchStoryboardName = LaunchScreen;
				INFOPLIST_KEY_UIMainStoryboardFile = Main;
				INFOPLIST_KEY_UISupportedInterfaceOrientations = UIInterfaceOrientationPortrait;
				INFOPLIST_KEY_UISupportedInterfaceOrientations_iPad = "UIInterfaceOrientationPortrait UIInterfaceOrientationPortraitUpsideDown UIInterfaceOrientationLandscapeLeft UIInterfaceOrientationLandscapeRight";
				INFOPLIST_KEY_UISupportedInterfaceOrientations_iPhone = "UIInterfaceOrientationPortrait UIInterfaceOrientationLandscapeLeft UIInterfaceOrientationLandscapeRight";
				LD_RUNPATH_SEARCH_PATHS = (
					"$(inherited)",
					"@executable_path/Frameworks",
				);
				MARKETING_VERSION = 1.0;
				PRODUCT_BUNDLE_IDENTIFIER = com.cleveroad.CombineProject;
				PRODUCT_NAME = "$(TARGET_NAME)";
				SWIFT_EMIT_LOC_STRINGS = YES;
				SWIFT_VERSION = 5.0;
				TARGETED_DEVICE_FAMILY = "1,2";
			};
			name = Debug;
		};
		274DD86E28BCA0BE005E7692 /* Release */ = {
			isa = XCBuildConfiguration;
			baseConfigurationReference = F9D4AD34552314FB577E32B8 /* Pods-CombineProject.release.xcconfig */;
			buildSettings = {
				ASSETCATALOG_COMPILER_APPICON_NAME = AppIcon;
				ASSETCATALOG_COMPILER_GLOBAL_ACCENT_COLOR_NAME = AccentColor;
				CODE_SIGN_STYLE = Automatic;
				CURRENT_PROJECT_VERSION = 1;
				DEVELOPMENT_TEAM = L8252FQ78N;
				GENERATE_INFOPLIST_FILE = YES;
				INFOPLIST_FILE = CombineProject/Resources/Info.plist;
				INFOPLIST_KEY_UIApplicationSupportsIndirectInputEvents = YES;
				INFOPLIST_KEY_UILaunchStoryboardName = LaunchScreen;
				INFOPLIST_KEY_UIMainStoryboardFile = Main;
				INFOPLIST_KEY_UISupportedInterfaceOrientations = UIInterfaceOrientationPortrait;
				INFOPLIST_KEY_UISupportedInterfaceOrientations_iPad = "UIInterfaceOrientationPortrait UIInterfaceOrientationPortraitUpsideDown UIInterfaceOrientationLandscapeLeft UIInterfaceOrientationLandscapeRight";
				INFOPLIST_KEY_UISupportedInterfaceOrientations_iPhone = "UIInterfaceOrientationPortrait UIInterfaceOrientationLandscapeLeft UIInterfaceOrientationLandscapeRight";
				LD_RUNPATH_SEARCH_PATHS = (
					"$(inherited)",
					"@executable_path/Frameworks",
				);
				MARKETING_VERSION = 1.0;
				PRODUCT_BUNDLE_IDENTIFIER = com.cleveroad.CombineProject;
				PRODUCT_NAME = "$(TARGET_NAME)";
				SWIFT_EMIT_LOC_STRINGS = YES;
				SWIFT_VERSION = 5.0;
				TARGETED_DEVICE_FAMILY = "1,2";
			};
			name = Release;
		};
/* End XCBuildConfiguration section */

/* Begin XCConfigurationList section */
		274DD85328BCA0BD005E7692 /* Build configuration list for PBXProject "CombineProject" */ = {
			isa = XCConfigurationList;
			buildConfigurations = (
				274DD86A28BCA0BE005E7692 /* Debug */,
				274DD86B28BCA0BE005E7692 /* Release */,
			);
			defaultConfigurationIsVisible = 0;
			defaultConfigurationName = Release;
		};
		274DD86C28BCA0BE005E7692 /* Build configuration list for PBXNativeTarget "CombineProject" */ = {
			isa = XCConfigurationList;
			buildConfigurations = (
				274DD86D28BCA0BE005E7692 /* Debug */,
				274DD86E28BCA0BE005E7692 /* Release */,
			);
			defaultConfigurationIsVisible = 0;
			defaultConfigurationName = Release;
		};
/* End XCConfigurationList section */
	};
	rootObject = 274DD85028BCA0BD005E7692 /* Project object */;
}
